// !$*UTF8*$!
{
	archiveVersion = 1;
	classes = {
	};
	objectVersion = 56;
	objects = {

/* Begin PBXBuildFile section */
		6834FE00290FF9F2004399AC /* JsonLoader.swift in Sources */ = {isa = PBXBuildFile; fileRef = 6834FDFF290FF9F2004399AC /* JsonLoader.swift */; };
		6834FE02290FFA0B004399AC /* MockURLSession.swift in Sources */ = {isa = PBXBuildFile; fileRef = 6834FE01290FFA0B004399AC /* MockURLSession.swift */; };
		6834FE04290FFA31004399AC /* MockURLSessionDataTask.swift in Sources */ = {isa = PBXBuildFile; fileRef = 6834FE03290FFA31004399AC /* MockURLSessionDataTask.swift */; };
		6834FE06290FFA4D004399AC /* NetworkManagerTests.swift in Sources */ = {isa = PBXBuildFile; fileRef = 6834FE05290FFA4D004399AC /* NetworkManagerTests.swift */; };
		6834FE0D29100A05004399AC /* NewBooks.json in Resources */ = {isa = PBXBuildFile; fileRef = 6834FE0A29100A04004399AC /* NewBooks.json */; };
		6834FE0E29100A05004399AC /* NewBooks.json in Resources */ = {isa = PBXBuildFile; fileRef = 6834FE0A29100A04004399AC /* NewBooks.json */; };
		6834FE0F29100A05004399AC /* DetailBook.json in Resources */ = {isa = PBXBuildFile; fileRef = 6834FE0B29100A04004399AC /* DetailBook.json */; };
		6834FE1029100A05004399AC /* DetailBook.json in Resources */ = {isa = PBXBuildFile; fileRef = 6834FE0B29100A04004399AC /* DetailBook.json */; };
		6834FE1129100A05004399AC /* SearchBooks.json in Resources */ = {isa = PBXBuildFile; fileRef = 6834FE0C29100A05004399AC /* SearchBooks.json */; };
		6834FE1229100A05004399AC /* SearchBooks.json in Resources */ = {isa = PBXBuildFile; fileRef = 6834FE0C29100A05004399AC /* SearchBooks.json */; };
		68367A5E290FE4CF005F4648 /* ImageCache.swift in Sources */ = {isa = PBXBuildFile; fileRef = 68367A5D290FE4CF005F4648 /* ImageCache.swift */; };
		68367A60290FEC39005F4648 /* URLSessionProtocol.swift in Sources */ = {isa = PBXBuildFile; fileRef = 68367A5F290FEC39005F4648 /* URLSessionProtocol.swift */; };
		68367A62290FEC51005F4648 /* URLSessionDataTaskProtocol.swift in Sources */ = {isa = PBXBuildFile; fileRef = 68367A61290FEC51005F4648 /* URLSessionDataTaskProtocol.swift */; };
		68367A64290FEE41005F4648 /* UIImageView+Extension.swift in Sources */ = {isa = PBXBuildFile; fileRef = 68367A63290FEE41005F4648 /* UIImageView+Extension.swift */; };
		68367A66290FF08E005F4648 /* APIRequest.swift in Sources */ = {isa = PBXBuildFile; fileRef = 68367A65290FF08E005F4648 /* APIRequest.swift */; };
		68367A68290FF09A005F4648 /* HTTPMethod.swift in Sources */ = {isa = PBXBuildFile; fileRef = 68367A67290FF09A005F4648 /* HTTPMethod.swift */; };
		68653CA0290FD24D00B53882 /* Reusable.swift in Sources */ = {isa = PBXBuildFile; fileRef = 68653C9F290FD24D00B53882 /* Reusable.swift */; };
		68653CA2290FD27D00B53882 /* UITableView+Extension.swift in Sources */ = {isa = PBXBuildFile; fileRef = 68653CA1290FD27D00B53882 /* UITableView+Extension.swift */; };
		68653CA4290FD2E700B53882 /* UITableViewCell+Extension.swift in Sources */ = {isa = PBXBuildFile; fileRef = 68653CA3290FD2E700B53882 /* UITableViewCell+Extension.swift */; };
		6870E62D290FBD7A0090F9B7 /* AppDelegate.swift in Sources */ = {isa = PBXBuildFile; fileRef = 6870E62C290FBD7A0090F9B7 /* AppDelegate.swift */; };
		6870E62F290FBD7A0090F9B7 /* SceneDelegate.swift in Sources */ = {isa = PBXBuildFile; fileRef = 6870E62E290FBD7A0090F9B7 /* SceneDelegate.swift */; };
		6870E636290FBD7A0090F9B7 /* Assets.xcassets in Resources */ = {isa = PBXBuildFile; fileRef = 6870E635290FBD7A0090F9B7 /* Assets.xcassets */; };
		6870E639290FBD7A0090F9B7 /* LaunchScreen.storyboard in Resources */ = {isa = PBXBuildFile; fileRef = 6870E637290FBD7A0090F9B7 /* LaunchScreen.storyboard */; };
		6870E644290FBD7A0090F9B7 /* IBookSearchTests.swift in Sources */ = {isa = PBXBuildFile; fileRef = 6870E643290FBD7A0090F9B7 /* IBookSearchTests.swift */; };
		6870E64E290FBD7A0090F9B7 /* IBookSearchUITests.swift in Sources */ = {isa = PBXBuildFile; fileRef = 6870E64D290FBD7A0090F9B7 /* IBookSearchUITests.swift */; };
		6870E650290FBD7A0090F9B7 /* IBookSearchUITestsLaunchTests.swift in Sources */ = {isa = PBXBuildFile; fileRef = 6870E64F290FBD7A0090F9B7 /* IBookSearchUITestsLaunchTests.swift */; };
		6870E664290FC4DD0090F9B7 /* BookListViewController.swift in Sources */ = {isa = PBXBuildFile; fileRef = 6870E663290FC4DD0090F9B7 /* BookListViewController.swift */; };
		6870E666290FC5A40090F9B7 /* BookSearchBar.swift in Sources */ = {isa = PBXBuildFile; fileRef = 6870E665290FC5A40090F9B7 /* BookSearchBar.swift */; };
		6870E668290FC5B20090F9B7 /* BookListView.swift in Sources */ = {isa = PBXBuildFile; fileRef = 6870E667290FC5B20090F9B7 /* BookListView.swift */; };
		6870E66B290FC6680090F9B7 /* UIView+Extension.swift in Sources */ = {isa = PBXBuildFile; fileRef = 6870E66A290FC6680090F9B7 /* UIView+Extension.swift */; };
		6870E66E290FCABF0090F9B7 /* Book.swift in Sources */ = {isa = PBXBuildFile; fileRef = 6870E66D290FCABF0090F9B7 /* Book.swift */; };
		6870E671290FCB660090F9B7 /* NetworkManager.swift in Sources */ = {isa = PBXBuildFile; fileRef = 6870E670290FCB660090F9B7 /* NetworkManager.swift */; };
		6870E673290FCB790090F9B7 /* NetworkError.swift in Sources */ = {isa = PBXBuildFile; fileRef = 6870E672290FCB790090F9B7 /* NetworkError.swift */; };
		6870E675290FD1560090F9B7 /* BookList.swift in Sources */ = {isa = PBXBuildFile; fileRef = 6870E674290FD1560090F9B7 /* BookList.swift */; };
		6870E679290FD2040090F9B7 /* BookTableViewCell.swift in Sources */ = {isa = PBXBuildFile; fileRef = 6870E678290FD2040090F9B7 /* BookTableViewCell.swift */; };
/* End PBXBuildFile section */

/* Begin PBXContainerItemProxy section */
		6870E640290FBD7A0090F9B7 /* PBXContainerItemProxy */ = {
			isa = PBXContainerItemProxy;
			containerPortal = 6870E621290FBD7A0090F9B7 /* Project object */;
			proxyType = 1;
			remoteGlobalIDString = 6870E628290FBD7A0090F9B7;
			remoteInfo = IBookSearch;
		};
		6870E64A290FBD7A0090F9B7 /* PBXContainerItemProxy */ = {
			isa = PBXContainerItemProxy;
			containerPortal = 6870E621290FBD7A0090F9B7 /* Project object */;
			proxyType = 1;
			remoteGlobalIDString = 6870E628290FBD7A0090F9B7;
			remoteInfo = IBookSearch;
		};
/* End PBXContainerItemProxy section */

/* Begin PBXFileReference section */
		6834FDFF290FF9F2004399AC /* JsonLoader.swift */ = {isa = PBXFileReference; lastKnownFileType = sourcecode.swift; path = JsonLoader.swift; sourceTree = "<group>"; };
		6834FE01290FFA0B004399AC /* MockURLSession.swift */ = {isa = PBXFileReference; lastKnownFileType = sourcecode.swift; path = MockURLSession.swift; sourceTree = "<group>"; };
		6834FE03290FFA31004399AC /* MockURLSessionDataTask.swift */ = {isa = PBXFileReference; lastKnownFileType = sourcecode.swift; path = MockURLSessionDataTask.swift; sourceTree = "<group>"; };
		6834FE05290FFA4D004399AC /* NetworkManagerTests.swift */ = {isa = PBXFileReference; lastKnownFileType = sourcecode.swift; path = NetworkManagerTests.swift; sourceTree = "<group>"; };
		6834FE0A29100A04004399AC /* NewBooks.json */ = {isa = PBXFileReference; fileEncoding = 4; lastKnownFileType = text.json; path = NewBooks.json; sourceTree = "<group>"; };
		6834FE0B29100A04004399AC /* DetailBook.json */ = {isa = PBXFileReference; fileEncoding = 4; lastKnownFileType = text.json; path = DetailBook.json; sourceTree = "<group>"; };
		6834FE0C29100A05004399AC /* SearchBooks.json */ = {isa = PBXFileReference; fileEncoding = 4; lastKnownFileType = text.json; path = SearchBooks.json; sourceTree = "<group>"; };
		68367A5D290FE4CF005F4648 /* ImageCache.swift */ = {isa = PBXFileReference; lastKnownFileType = sourcecode.swift; path = ImageCache.swift; sourceTree = "<group>"; wrapsLines = 0; };
		68367A5F290FEC39005F4648 /* URLSessionProtocol.swift */ = {isa = PBXFileReference; lastKnownFileType = sourcecode.swift; path = URLSessionProtocol.swift; sourceTree = "<group>"; };
		68367A61290FEC51005F4648 /* URLSessionDataTaskProtocol.swift */ = {isa = PBXFileReference; lastKnownFileType = sourcecode.swift; path = URLSessionDataTaskProtocol.swift; sourceTree = "<group>"; };
		68367A63290FEE41005F4648 /* UIImageView+Extension.swift */ = {isa = PBXFileReference; lastKnownFileType = sourcecode.swift; path = "UIImageView+Extension.swift"; sourceTree = "<group>"; };
		68367A65290FF08E005F4648 /* APIRequest.swift */ = {isa = PBXFileReference; lastKnownFileType = sourcecode.swift; path = APIRequest.swift; sourceTree = "<group>"; };
		68367A67290FF09A005F4648 /* HTTPMethod.swift */ = {isa = PBXFileReference; lastKnownFileType = sourcecode.swift; path = HTTPMethod.swift; sourceTree = "<group>"; };
		68653C9F290FD24D00B53882 /* Reusable.swift */ = {isa = PBXFileReference; lastKnownFileType = sourcecode.swift; path = Reusable.swift; sourceTree = "<group>"; };
		68653CA1290FD27D00B53882 /* UITableView+Extension.swift */ = {isa = PBXFileReference; lastKnownFileType = sourcecode.swift; path = "UITableView+Extension.swift"; sourceTree = "<group>"; };
		68653CA3290FD2E700B53882 /* UITableViewCell+Extension.swift */ = {isa = PBXFileReference; lastKnownFileType = sourcecode.swift; path = "UITableViewCell+Extension.swift"; sourceTree = "<group>"; };
		6870E629290FBD7A0090F9B7 /* IBookSearch.app */ = {isa = PBXFileReference; explicitFileType = wrapper.application; includeInIndex = 0; path = IBookSearch.app; sourceTree = BUILT_PRODUCTS_DIR; };
		6870E62C290FBD7A0090F9B7 /* AppDelegate.swift */ = {isa = PBXFileReference; lastKnownFileType = sourcecode.swift; path = AppDelegate.swift; sourceTree = "<group>"; };
		6870E62E290FBD7A0090F9B7 /* SceneDelegate.swift */ = {isa = PBXFileReference; lastKnownFileType = sourcecode.swift; path = SceneDelegate.swift; sourceTree = "<group>"; };
		6870E635290FBD7A0090F9B7 /* Assets.xcassets */ = {isa = PBXFileReference; lastKnownFileType = folder.assetcatalog; path = Assets.xcassets; sourceTree = "<group>"; };
		6870E638290FBD7A0090F9B7 /* Base */ = {isa = PBXFileReference; lastKnownFileType = file.storyboard; name = Base; path = Base.lproj/LaunchScreen.storyboard; sourceTree = "<group>"; };
		6870E63A290FBD7A0090F9B7 /* Info.plist */ = {isa = PBXFileReference; lastKnownFileType = text.plist.xml; path = Info.plist; sourceTree = "<group>"; };
		6870E63F290FBD7A0090F9B7 /* IBookSearchTests.xctest */ = {isa = PBXFileReference; explicitFileType = wrapper.cfbundle; includeInIndex = 0; path = IBookSearchTests.xctest; sourceTree = BUILT_PRODUCTS_DIR; };
		6870E643290FBD7A0090F9B7 /* IBookSearchTests.swift */ = {isa = PBXFileReference; lastKnownFileType = sourcecode.swift; path = IBookSearchTests.swift; sourceTree = "<group>"; };
		6870E649290FBD7A0090F9B7 /* IBookSearchUITests.xctest */ = {isa = PBXFileReference; explicitFileType = wrapper.cfbundle; includeInIndex = 0; path = IBookSearchUITests.xctest; sourceTree = BUILT_PRODUCTS_DIR; };
		6870E64D290FBD7A0090F9B7 /* IBookSearchUITests.swift */ = {isa = PBXFileReference; lastKnownFileType = sourcecode.swift; path = IBookSearchUITests.swift; sourceTree = "<group>"; };
		6870E64F290FBD7A0090F9B7 /* IBookSearchUITestsLaunchTests.swift */ = {isa = PBXFileReference; lastKnownFileType = sourcecode.swift; path = IBookSearchUITestsLaunchTests.swift; sourceTree = "<group>"; };
		6870E663290FC4DD0090F9B7 /* BookListViewController.swift */ = {isa = PBXFileReference; lastKnownFileType = sourcecode.swift; path = BookListViewController.swift; sourceTree = "<group>"; };
		6870E665290FC5A40090F9B7 /* BookSearchBar.swift */ = {isa = PBXFileReference; lastKnownFileType = sourcecode.swift; path = BookSearchBar.swift; sourceTree = "<group>"; };
		6870E667290FC5B20090F9B7 /* BookListView.swift */ = {isa = PBXFileReference; lastKnownFileType = sourcecode.swift; path = BookListView.swift; sourceTree = "<group>"; };
		6870E66A290FC6680090F9B7 /* UIView+Extension.swift */ = {isa = PBXFileReference; lastKnownFileType = sourcecode.swift; path = "UIView+Extension.swift"; sourceTree = "<group>"; };
		6870E66D290FCABF0090F9B7 /* Book.swift */ = {isa = PBXFileReference; lastKnownFileType = sourcecode.swift; path = Book.swift; sourceTree = "<group>"; };
		6870E670290FCB660090F9B7 /* NetworkManager.swift */ = {isa = PBXFileReference; lastKnownFileType = sourcecode.swift; path = NetworkManager.swift; sourceTree = "<group>"; };
		6870E672290FCB790090F9B7 /* NetworkError.swift */ = {isa = PBXFileReference; lastKnownFileType = sourcecode.swift; path = NetworkError.swift; sourceTree = "<group>"; };
		6870E674290FD1560090F9B7 /* BookList.swift */ = {isa = PBXFileReference; lastKnownFileType = sourcecode.swift; path = BookList.swift; sourceTree = "<group>"; };
		6870E678290FD2040090F9B7 /* BookTableViewCell.swift */ = {isa = PBXFileReference; lastKnownFileType = sourcecode.swift; path = BookTableViewCell.swift; sourceTree = "<group>"; };
/* End PBXFileReference section */

/* Begin PBXFrameworksBuildPhase section */
		6870E626290FBD7A0090F9B7 /* Frameworks */ = {
			isa = PBXFrameworksBuildPhase;
			buildActionMask = 2147483647;
			files = (
			);
			runOnlyForDeploymentPostprocessing = 0;
		};
		6870E63C290FBD7A0090F9B7 /* Frameworks */ = {
			isa = PBXFrameworksBuildPhase;
			buildActionMask = 2147483647;
			files = (
			);
			runOnlyForDeploymentPostprocessing = 0;
		};
		6870E646290FBD7A0090F9B7 /* Frameworks */ = {
			isa = PBXFrameworksBuildPhase;
			buildActionMask = 2147483647;
			files = (
			);
			runOnlyForDeploymentPostprocessing = 0;
		};
/* End PBXFrameworksBuildPhase section */

/* Begin PBXGroup section */
		6834FE0929100982004399AC /* Resource */ = {
			isa = PBXGroup;
			children = (
				6834FE0B29100A04004399AC /* DetailBook.json */,
				6834FE0A29100A04004399AC /* NewBooks.json */,
				6834FE0C29100A05004399AC /* SearchBooks.json */,
				6870E635290FBD7A0090F9B7 /* Assets.xcassets */,
			);
			path = Resource;
			sourceTree = "<group>";
		};
		6834FE1329100BA8004399AC /* Scene */ = {
			isa = PBXGroup;
			children = (
				6870E62C290FBD7A0090F9B7 /* AppDelegate.swift */,
				6870E62E290FBD7A0090F9B7 /* SceneDelegate.swift */,
				6870E637290FBD7A0090F9B7 /* LaunchScreen.storyboard */,
			);
			path = Scene;
			sourceTree = "<group>";
		};
		6870E620290FBD7A0090F9B7 = {
			isa = PBXGroup;
			children = (
				6870E62B290FBD7A0090F9B7 /* IBookSearch */,
				6870E642290FBD7A0090F9B7 /* IBookSearchTests */,
				6870E64C290FBD7A0090F9B7 /* IBookSearchUITests */,
				6870E62A290FBD7A0090F9B7 /* Products */,
			);
			sourceTree = "<group>";
		};
		6870E62A290FBD7A0090F9B7 /* Products */ = {
			isa = PBXGroup;
			children = (
				6870E629290FBD7A0090F9B7 /* IBookSearch.app */,
				6870E63F290FBD7A0090F9B7 /* IBookSearchTests.xctest */,
				6870E649290FBD7A0090F9B7 /* IBookSearchUITests.xctest */,
			);
			name = Products;
			sourceTree = "<group>";
		};
		6870E62B290FBD7A0090F9B7 /* IBookSearch */ = {
			isa = PBXGroup;
			children = (
				6834FE1329100BA8004399AC /* Scene */,
				6834FE0929100982004399AC /* Resource */,
				6870E67A290FD2160090F9B7 /* Protocol */,
				6870E66F290FCAD40090F9B7 /* Networking */,
				6870E66C290FCAB90090F9B7 /* Model */,
				6870E669290FC5C10090F9B7 /* Extension */,
				6870E65D290FC4350090F9B7 /* Presentation */,
				6870E63A290FBD7A0090F9B7 /* Info.plist */,
			);
			path = IBookSearch;
			sourceTree = "<group>";
		};
		6870E642290FBD7A0090F9B7 /* IBookSearchTests */ = {
			isa = PBXGroup;
			children = (
				6870E643290FBD7A0090F9B7 /* IBookSearchTests.swift */,
				6834FDFF290FF9F2004399AC /* JsonLoader.swift */,
				6834FE03290FFA31004399AC /* MockURLSessionDataTask.swift */,
				6834FE01290FFA0B004399AC /* MockURLSession.swift */,
				6834FE05290FFA4D004399AC /* NetworkManagerTests.swift */,
			);
			path = IBookSearchTests;
			sourceTree = "<group>";
		};
		6870E64C290FBD7A0090F9B7 /* IBookSearchUITests */ = {
			isa = PBXGroup;
			children = (
				6870E64D290FBD7A0090F9B7 /* IBookSearchUITests.swift */,
				6870E64F290FBD7A0090F9B7 /* IBookSearchUITestsLaunchTests.swift */,
			);
			path = IBookSearchUITests;
			sourceTree = "<group>";
		};
		6870E65D290FC4350090F9B7 /* Presentation */ = {
			isa = PBXGroup;
			children = (
				6870E65E290FC4420090F9B7 /* BookList */,
			);
			path = Presentation;
			sourceTree = "<group>";
		};
		6870E65E290FC4420090F9B7 /* BookList */ = {
			isa = PBXGroup;
			children = (
				6870E661290FC4A30090F9B7 /* BookList+View */,
				6870E660290FC4670090F9B7 /* BookList+Controller */,
			);
			path = BookList;
			sourceTree = "<group>";
		};
		6870E660290FC4670090F9B7 /* BookList+Controller */ = {
			isa = PBXGroup;
			children = (
				6870E663290FC4DD0090F9B7 /* BookListViewController.swift */,
			);
			path = "BookList+Controller";
			sourceTree = "<group>";
		};
		6870E661290FC4A30090F9B7 /* BookList+View */ = {
			isa = PBXGroup;
			children = (
				6870E665290FC5A40090F9B7 /* BookSearchBar.swift */,
				6870E667290FC5B20090F9B7 /* BookListView.swift */,
				6870E678290FD2040090F9B7 /* BookTableViewCell.swift */,
			);
			path = "BookList+View";
			sourceTree = "<group>";
		};
		6870E669290FC5C10090F9B7 /* Extension */ = {
			isa = PBXGroup;
			children = (
				6870E66A290FC6680090F9B7 /* UIView+Extension.swift */,
				68367A63290FEE41005F4648 /* UIImageView+Extension.swift */,
				68653CA1290FD27D00B53882 /* UITableView+Extension.swift */,
				68653CA3290FD2E700B53882 /* UITableViewCell+Extension.swift */,
			);
			path = Extension;
			sourceTree = "<group>";
		};
		6870E66C290FCAB90090F9B7 /* Model */ = {
			isa = PBXGroup;
			children = (
				6870E66D290FCABF0090F9B7 /* Book.swift */,
				6870E674290FD1560090F9B7 /* BookList.swift */,
			);
			path = Model;
			sourceTree = "<group>";
		};
		6870E66F290FCAD40090F9B7 /* Networking */ = {
			isa = PBXGroup;
			children = (
				6870E670290FCB660090F9B7 /* NetworkManager.swift */,
				6870E672290FCB790090F9B7 /* NetworkError.swift */,
				68367A5D290FE4CF005F4648 /* ImageCache.swift */,
				68367A5F290FEC39005F4648 /* URLSessionProtocol.swift */,
				68367A61290FEC51005F4648 /* URLSessionDataTaskProtocol.swift */,
				68367A65290FF08E005F4648 /* APIRequest.swift */,
				68367A67290FF09A005F4648 /* HTTPMethod.swift */,
			);
			path = Networking;
			sourceTree = "<group>";
		};
		6870E67A290FD2160090F9B7 /* Protocol */ = {
			isa = PBXGroup;
			children = (
				68653C9F290FD24D00B53882 /* Reusable.swift */,
			);
			path = Protocol;
			sourceTree = "<group>";
		};
/* End PBXGroup section */

/* Begin PBXNativeTarget section */
		6870E628290FBD7A0090F9B7 /* IBookSearch */ = {
			isa = PBXNativeTarget;
			buildConfigurationList = 6870E653290FBD7A0090F9B7 /* Build configuration list for PBXNativeTarget "IBookSearch" */;
			buildPhases = (
				6870E625290FBD7A0090F9B7 /* Sources */,
				6870E626290FBD7A0090F9B7 /* Frameworks */,
				6870E627290FBD7A0090F9B7 /* Resources */,
			);
			buildRules = (
			);
			dependencies = (
			);
			name = IBookSearch;
			productName = IBookSearch;
			productReference = 6870E629290FBD7A0090F9B7 /* IBookSearch.app */;
			productType = "com.apple.product-type.application";
		};
		6870E63E290FBD7A0090F9B7 /* IBookSearchTests */ = {
			isa = PBXNativeTarget;
			buildConfigurationList = 6870E656290FBD7A0090F9B7 /* Build configuration list for PBXNativeTarget "IBookSearchTests" */;
			buildPhases = (
				6870E63B290FBD7A0090F9B7 /* Sources */,
				6870E63C290FBD7A0090F9B7 /* Frameworks */,
				6870E63D290FBD7A0090F9B7 /* Resources */,
			);
			buildRules = (
			);
			dependencies = (
				6870E641290FBD7A0090F9B7 /* PBXTargetDependency */,
			);
			name = IBookSearchTests;
			productName = IBookSearchTests;
			productReference = 6870E63F290FBD7A0090F9B7 /* IBookSearchTests.xctest */;
			productType = "com.apple.product-type.bundle.unit-test";
		};
		6870E648290FBD7A0090F9B7 /* IBookSearchUITests */ = {
			isa = PBXNativeTarget;
			buildConfigurationList = 6870E659290FBD7A0090F9B7 /* Build configuration list for PBXNativeTarget "IBookSearchUITests" */;
			buildPhases = (
				6870E645290FBD7A0090F9B7 /* Sources */,
				6870E646290FBD7A0090F9B7 /* Frameworks */,
				6870E647290FBD7A0090F9B7 /* Resources */,
			);
			buildRules = (
			);
			dependencies = (
				6870E64B290FBD7A0090F9B7 /* PBXTargetDependency */,
			);
			name = IBookSearchUITests;
			productName = IBookSearchUITests;
			productReference = 6870E649290FBD7A0090F9B7 /* IBookSearchUITests.xctest */;
			productType = "com.apple.product-type.bundle.ui-testing";
		};
/* End PBXNativeTarget section */

/* Begin PBXProject section */
		6870E621290FBD7A0090F9B7 /* Project object */ = {
			isa = PBXProject;
			attributes = {
				BuildIndependentTargetsInParallel = 1;
				LastSwiftUpdateCheck = 1400;
				LastUpgradeCheck = 1400;
				TargetAttributes = {
					6870E628290FBD7A0090F9B7 = {
						CreatedOnToolsVersion = 14.0.1;
					};
					6870E63E290FBD7A0090F9B7 = {
						CreatedOnToolsVersion = 14.0.1;
						TestTargetID = 6870E628290FBD7A0090F9B7;
					};
					6870E648290FBD7A0090F9B7 = {
						CreatedOnToolsVersion = 14.0.1;
						TestTargetID = 6870E628290FBD7A0090F9B7;
					};
				};
			};
			buildConfigurationList = 6870E624290FBD7A0090F9B7 /* Build configuration list for PBXProject "IBookSearch" */;
			compatibilityVersion = "Xcode 14.0";
			developmentRegion = en;
			hasScannedForEncodings = 0;
			knownRegions = (
				en,
				Base,
			);
			mainGroup = 6870E620290FBD7A0090F9B7;
			productRefGroup = 6870E62A290FBD7A0090F9B7 /* Products */;
			projectDirPath = "";
			projectRoot = "";
			targets = (
				6870E628290FBD7A0090F9B7 /* IBookSearch */,
				6870E63E290FBD7A0090F9B7 /* IBookSearchTests */,
				6870E648290FBD7A0090F9B7 /* IBookSearchUITests */,
			);
		};
/* End PBXProject section */

/* Begin PBXResourcesBuildPhase section */
		6870E627290FBD7A0090F9B7 /* Resources */ = {
			isa = PBXResourcesBuildPhase;
			buildActionMask = 2147483647;
			files = (
				6870E639290FBD7A0090F9B7 /* LaunchScreen.storyboard in Resources */,
				6834FE0F29100A05004399AC /* DetailBook.json in Resources */,
				6834FE0D29100A05004399AC /* NewBooks.json in Resources */,
				6834FE1129100A05004399AC /* SearchBooks.json in Resources */,
				6870E636290FBD7A0090F9B7 /* Assets.xcassets in Resources */,
			);
			runOnlyForDeploymentPostprocessing = 0;
		};
		6870E63D290FBD7A0090F9B7 /* Resources */ = {
			isa = PBXResourcesBuildPhase;
			buildActionMask = 2147483647;
			files = (
				6834FE0E29100A05004399AC /* NewBooks.json in Resources */,
				6834FE1229100A05004399AC /* SearchBooks.json in Resources */,
				6834FE1029100A05004399AC /* DetailBook.json in Resources */,
			);
			runOnlyForDeploymentPostprocessing = 0;
		};
		6870E647290FBD7A0090F9B7 /* Resources */ = {
			isa = PBXResourcesBuildPhase;
			buildActionMask = 2147483647;
			files = (
			);
			runOnlyForDeploymentPostprocessing = 0;
		};
/* End PBXResourcesBuildPhase section */

/* Begin PBXSourcesBuildPhase section */
		6870E625290FBD7A0090F9B7 /* Sources */ = {
			isa = PBXSourcesBuildPhase;
			buildActionMask = 2147483647;
			files = (
				6870E671290FCB660090F9B7 /* NetworkManager.swift in Sources */,
				68653CA4290FD2E700B53882 /* UITableViewCell+Extension.swift in Sources */,
				6870E66E290FCABF0090F9B7 /* Book.swift in Sources */,
				6870E666290FC5A40090F9B7 /* BookSearchBar.swift in Sources */,
				6870E675290FD1560090F9B7 /* BookList.swift in Sources */,
				6870E679290FD2040090F9B7 /* BookTableViewCell.swift in Sources */,
				68367A66290FF08E005F4648 /* APIRequest.swift in Sources */,
				6870E66B290FC6680090F9B7 /* UIView+Extension.swift in Sources */,
				68367A68290FF09A005F4648 /* HTTPMethod.swift in Sources */,
				68653CA0290FD24D00B53882 /* Reusable.swift in Sources */,
				6870E668290FC5B20090F9B7 /* BookListView.swift in Sources */,
				68367A62290FEC51005F4648 /* URLSessionDataTaskProtocol.swift in Sources */,
				68653CA2290FD27D00B53882 /* UITableView+Extension.swift in Sources */,
				68367A5E290FE4CF005F4648 /* ImageCache.swift in Sources */,
				68367A64290FEE41005F4648 /* UIImageView+Extension.swift in Sources */,
				6870E664290FC4DD0090F9B7 /* BookListViewController.swift in Sources */,
				68367A60290FEC39005F4648 /* URLSessionProtocol.swift in Sources */,
				6870E62D290FBD7A0090F9B7 /* AppDelegate.swift in Sources */,
				6870E62F290FBD7A0090F9B7 /* SceneDelegate.swift in Sources */,
				6870E673290FCB790090F9B7 /* NetworkError.swift in Sources */,
			);
			runOnlyForDeploymentPostprocessing = 0;
		};
		6870E63B290FBD7A0090F9B7 /* Sources */ = {
			isa = PBXSourcesBuildPhase;
			buildActionMask = 2147483647;
			files = (
				6834FE00290FF9F2004399AC /* JsonLoader.swift in Sources */,
				6870E644290FBD7A0090F9B7 /* IBookSearchTests.swift in Sources */,
				6834FE04290FFA31004399AC /* MockURLSessionDataTask.swift in Sources */,
				6834FE06290FFA4D004399AC /* NetworkManagerTests.swift in Sources */,
				6834FE02290FFA0B004399AC /* MockURLSession.swift in Sources */,
			);
			runOnlyForDeploymentPostprocessing = 0;
		};
		6870E645290FBD7A0090F9B7 /* Sources */ = {
			isa = PBXSourcesBuildPhase;
			buildActionMask = 2147483647;
			files = (
				6870E64E290FBD7A0090F9B7 /* IBookSearchUITests.swift in Sources */,
				6870E650290FBD7A0090F9B7 /* IBookSearchUITestsLaunchTests.swift in Sources */,
			);
			runOnlyForDeploymentPostprocessing = 0;
		};
/* End PBXSourcesBuildPhase section */

/* Begin PBXTargetDependency section */
		6870E641290FBD7A0090F9B7 /* PBXTargetDependency */ = {
			isa = PBXTargetDependency;
			target = 6870E628290FBD7A0090F9B7 /* IBookSearch */;
			targetProxy = 6870E640290FBD7A0090F9B7 /* PBXContainerItemProxy */;
		};
		6870E64B290FBD7A0090F9B7 /* PBXTargetDependency */ = {
			isa = PBXTargetDependency;
			target = 6870E628290FBD7A0090F9B7 /* IBookSearch */;
			targetProxy = 6870E64A290FBD7A0090F9B7 /* PBXContainerItemProxy */;
		};
/* End PBXTargetDependency section */

/* Begin PBXVariantGroup section */
		6870E637290FBD7A0090F9B7 /* LaunchScreen.storyboard */ = {
			isa = PBXVariantGroup;
			children = (
				6870E638290FBD7A0090F9B7 /* Base */,
			);
			name = LaunchScreen.storyboard;
			sourceTree = "<group>";
		};
/* End PBXVariantGroup section */

/* Begin XCBuildConfiguration section */
		6870E651290FBD7A0090F9B7 /* Debug */ = {
			isa = XCBuildConfiguration;
			buildSettings = {
				ALWAYS_SEARCH_USER_PATHS = NO;
				CLANG_ANALYZER_NONNULL = YES;
				CLANG_ANALYZER_NUMBER_OBJECT_CONVERSION = YES_AGGRESSIVE;
				CLANG_CXX_LANGUAGE_STANDARD = "gnu++20";
				CLANG_ENABLE_MODULES = YES;
				CLANG_ENABLE_OBJC_ARC = YES;
				CLANG_ENABLE_OBJC_WEAK = YES;
				CLANG_WARN_BLOCK_CAPTURE_AUTORELEASING = YES;
				CLANG_WARN_BOOL_CONVERSION = YES;
				CLANG_WARN_COMMA = YES;
				CLANG_WARN_CONSTANT_CONVERSION = YES;
				CLANG_WARN_DEPRECATED_OBJC_IMPLEMENTATIONS = YES;
				CLANG_WARN_DIRECT_OBJC_ISA_USAGE = YES_ERROR;
				CLANG_WARN_DOCUMENTATION_COMMENTS = YES;
				CLANG_WARN_EMPTY_BODY = YES;
				CLANG_WARN_ENUM_CONVERSION = YES;
				CLANG_WARN_INFINITE_RECURSION = YES;
				CLANG_WARN_INT_CONVERSION = YES;
				CLANG_WARN_NON_LITERAL_NULL_CONVERSION = YES;
				CLANG_WARN_OBJC_IMPLICIT_RETAIN_SELF = YES;
				CLANG_WARN_OBJC_LITERAL_CONVERSION = YES;
				CLANG_WARN_OBJC_ROOT_CLASS = YES_ERROR;
				CLANG_WARN_QUOTED_INCLUDE_IN_FRAMEWORK_HEADER = YES;
				CLANG_WARN_RANGE_LOOP_ANALYSIS = YES;
				CLANG_WARN_STRICT_PROTOTYPES = YES;
				CLANG_WARN_SUSPICIOUS_MOVE = YES;
				CLANG_WARN_UNGUARDED_AVAILABILITY = YES_AGGRESSIVE;
				CLANG_WARN_UNREACHABLE_CODE = YES;
				CLANG_WARN__DUPLICATE_METHOD_MATCH = YES;
				COPY_PHASE_STRIP = NO;
				DEBUG_INFORMATION_FORMAT = dwarf;
				ENABLE_STRICT_OBJC_MSGSEND = YES;
				ENABLE_TESTABILITY = YES;
				GCC_C_LANGUAGE_STANDARD = gnu11;
				GCC_DYNAMIC_NO_PIC = NO;
				GCC_NO_COMMON_BLOCKS = YES;
				GCC_OPTIMIZATION_LEVEL = 0;
				GCC_PREPROCESSOR_DEFINITIONS = (
					"DEBUG=1",
					"$(inherited)",
				);
				GCC_WARN_64_TO_32_BIT_CONVERSION = YES;
				GCC_WARN_ABOUT_RETURN_TYPE = YES_ERROR;
				GCC_WARN_UNDECLARED_SELECTOR = YES;
				GCC_WARN_UNINITIALIZED_AUTOS = YES_AGGRESSIVE;
				GCC_WARN_UNUSED_FUNCTION = YES;
				GCC_WARN_UNUSED_VARIABLE = YES;
				IPHONEOS_DEPLOYMENT_TARGET = 15.0;
				MTL_ENABLE_DEBUG_INFO = INCLUDE_SOURCE;
				MTL_FAST_MATH = YES;
				ONLY_ACTIVE_ARCH = YES;
				SDKROOT = iphoneos;
				SWIFT_ACTIVE_COMPILATION_CONDITIONS = DEBUG;
				SWIFT_OPTIMIZATION_LEVEL = "-Onone";
			};
			name = Debug;
		};
		6870E652290FBD7A0090F9B7 /* Release */ = {
			isa = XCBuildConfiguration;
			buildSettings = {
				ALWAYS_SEARCH_USER_PATHS = NO;
				CLANG_ANALYZER_NONNULL = YES;
				CLANG_ANALYZER_NUMBER_OBJECT_CONVERSION = YES_AGGRESSIVE;
				CLANG_CXX_LANGUAGE_STANDARD = "gnu++20";
				CLANG_ENABLE_MODULES = YES;
				CLANG_ENABLE_OBJC_ARC = YES;
				CLANG_ENABLE_OBJC_WEAK = YES;
				CLANG_WARN_BLOCK_CAPTURE_AUTORELEASING = YES;
				CLANG_WARN_BOOL_CONVERSION = YES;
				CLANG_WARN_COMMA = YES;
				CLANG_WARN_CONSTANT_CONVERSION = YES;
				CLANG_WARN_DEPRECATED_OBJC_IMPLEMENTATIONS = YES;
				CLANG_WARN_DIRECT_OBJC_ISA_USAGE = YES_ERROR;
				CLANG_WARN_DOCUMENTATION_COMMENTS = YES;
				CLANG_WARN_EMPTY_BODY = YES;
				CLANG_WARN_ENUM_CONVERSION = YES;
				CLANG_WARN_INFINITE_RECURSION = YES;
				CLANG_WARN_INT_CONVERSION = YES;
				CLANG_WARN_NON_LITERAL_NULL_CONVERSION = YES;
				CLANG_WARN_OBJC_IMPLICIT_RETAIN_SELF = YES;
				CLANG_WARN_OBJC_LITERAL_CONVERSION = YES;
				CLANG_WARN_OBJC_ROOT_CLASS = YES_ERROR;
				CLANG_WARN_QUOTED_INCLUDE_IN_FRAMEWORK_HEADER = YES;
				CLANG_WARN_RANGE_LOOP_ANALYSIS = YES;
				CLANG_WARN_STRICT_PROTOTYPES = YES;
				CLANG_WARN_SUSPICIOUS_MOVE = YES;
				CLANG_WARN_UNGUARDED_AVAILABILITY = YES_AGGRESSIVE;
				CLANG_WARN_UNREACHABLE_CODE = YES;
				CLANG_WARN__DUPLICATE_METHOD_MATCH = YES;
				COPY_PHASE_STRIP = NO;
				DEBUG_INFORMATION_FORMAT = "dwarf-with-dsym";
				ENABLE_NS_ASSERTIONS = NO;
				ENABLE_STRICT_OBJC_MSGSEND = YES;
				GCC_C_LANGUAGE_STANDARD = gnu11;
				GCC_NO_COMMON_BLOCKS = YES;
				GCC_WARN_64_TO_32_BIT_CONVERSION = YES;
				GCC_WARN_ABOUT_RETURN_TYPE = YES_ERROR;
				GCC_WARN_UNDECLARED_SELECTOR = YES;
				GCC_WARN_UNINITIALIZED_AUTOS = YES_AGGRESSIVE;
				GCC_WARN_UNUSED_FUNCTION = YES;
				GCC_WARN_UNUSED_VARIABLE = YES;
				IPHONEOS_DEPLOYMENT_TARGET = 15.0;
				MTL_ENABLE_DEBUG_INFO = NO;
				MTL_FAST_MATH = YES;
				SDKROOT = iphoneos;
				SWIFT_COMPILATION_MODE = wholemodule;
				SWIFT_OPTIMIZATION_LEVEL = "-O";
				VALIDATE_PRODUCT = YES;
			};
			name = Release;
		};
		6870E654290FBD7A0090F9B7 /* Debug */ = {
			isa = XCBuildConfiguration;
			buildSettings = {
				ASSETCATALOG_COMPILER_APPICON_NAME = AppIcon;
				ASSETCATALOG_COMPILER_GLOBAL_ACCENT_COLOR_NAME = AccentColor;
				CODE_SIGN_STYLE = Automatic;
				CURRENT_PROJECT_VERSION = 1;
				DEVELOPMENT_TEAM = X2WF6FR3RY;
				GENERATE_INFOPLIST_FILE = YES;
				INFOPLIST_FILE = IBookSearch/Info.plist;
				INFOPLIST_KEY_UIApplicationSupportsIndirectInputEvents = YES;
				INFOPLIST_KEY_UILaunchStoryboardName = LaunchScreen;
				INFOPLIST_KEY_UISupportedInterfaceOrientations_iPad = "UIInterfaceOrientationPortrait UIInterfaceOrientationPortraitUpsideDown UIInterfaceOrientationLandscapeLeft UIInterfaceOrientationLandscapeRight";
				INFOPLIST_KEY_UISupportedInterfaceOrientations_iPhone = "UIInterfaceOrientationPortrait UIInterfaceOrientationLandscapeLeft UIInterfaceOrientationLandscapeRight";
				IPHONEOS_DEPLOYMENT_TARGET = 15.0;
				LD_RUNPATH_SEARCH_PATHS = (
					"$(inherited)",
					"@executable_path/Frameworks",
				);
				MARKETING_VERSION = 1.0;
				PRODUCT_BUNDLE_IDENTIFIER = ann.beckwon.IBookSearch;
				PRODUCT_NAME = "$(TARGET_NAME)";
				SWIFT_EMIT_LOC_STRINGS = YES;
				SWIFT_VERSION = 5.0;
				TARGETED_DEVICE_FAMILY = "1,2";
			};
			name = Debug;
		};
		6870E655290FBD7A0090F9B7 /* Release */ = {
			isa = XCBuildConfiguration;
			buildSettings = {
				ASSETCATALOG_COMPILER_APPICON_NAME = AppIcon;
				ASSETCATALOG_COMPILER_GLOBAL_ACCENT_COLOR_NAME = AccentColor;
				CODE_SIGN_STYLE = Automatic;
				CURRENT_PROJECT_VERSION = 1;
				DEVELOPMENT_TEAM = X2WF6FR3RY;
				GENERATE_INFOPLIST_FILE = YES;
				INFOPLIST_FILE = IBookSearch/Info.plist;
				INFOPLIST_KEY_UIApplicationSupportsIndirectInputEvents = YES;
				INFOPLIST_KEY_UILaunchStoryboardName = LaunchScreen;
				INFOPLIST_KEY_UISupportedInterfaceOrientations_iPad = "UIInterfaceOrientationPortrait UIInterfaceOrientationPortraitUpsideDown UIInterfaceOrientationLandscapeLeft UIInterfaceOrientationLandscapeRight";
				INFOPLIST_KEY_UISupportedInterfaceOrientations_iPhone = "UIInterfaceOrientationPortrait UIInterfaceOrientationLandscapeLeft UIInterfaceOrientationLandscapeRight";
				IPHONEOS_DEPLOYMENT_TARGET = 15.0;
				LD_RUNPATH_SEARCH_PATHS = (
					"$(inherited)",
					"@executable_path/Frameworks",
				);
				MARKETING_VERSION = 1.0;
				PRODUCT_BUNDLE_IDENTIFIER = ann.beckwon.IBookSearch;
				PRODUCT_NAME = "$(TARGET_NAME)";
				SWIFT_EMIT_LOC_STRINGS = YES;
				SWIFT_VERSION = 5.0;
				TARGETED_DEVICE_FAMILY = "1,2";
			};
			name = Release;
		};
		6870E657290FBD7A0090F9B7 /* Debug */ = {
			isa = XCBuildConfiguration;
			buildSettings = {
				ALWAYS_EMBED_SWIFT_STANDARD_LIBRARIES = YES;
				BUNDLE_LOADER = "$(TEST_HOST)";
				CODE_SIGN_STYLE = Automatic;
				CURRENT_PROJECT_VERSION = 1;
				DEVELOPMENT_TEAM = X2WF6FR3RY;
				GENERATE_INFOPLIST_FILE = YES;
				IPHONEOS_DEPLOYMENT_TARGET = 15.0;
				MARKETING_VERSION = 1.0;
				PRODUCT_BUNDLE_IDENTIFIER = ann.beckwon.IBookSearchTests;
				PRODUCT_NAME = "$(TARGET_NAME)";
				SWIFT_EMIT_LOC_STRINGS = NO;
				SWIFT_VERSION = 5.0;
				TARGETED_DEVICE_FAMILY = "1,2";
				TEST_HOST = "$(BUILT_PRODUCTS_DIR)/IBookSearch.app/$(BUNDLE_EXECUTABLE_FOLDER_PATH)/IBookSearch";
			};
			name = Debug;
		};
		6870E658290FBD7A0090F9B7 /* Release */ = {
			isa = XCBuildConfiguration;
			buildSettings = {
				ALWAYS_EMBED_SWIFT_STANDARD_LIBRARIES = YES;
				BUNDLE_LOADER = "$(TEST_HOST)";
				CODE_SIGN_STYLE = Automatic;
				CURRENT_PROJECT_VERSION = 1;
				DEVELOPMENT_TEAM = X2WF6FR3RY;
				GENERATE_INFOPLIST_FILE = YES;
				IPHONEOS_DEPLOYMENT_TARGET = 15.0;
				MARKETING_VERSION = 1.0;
				PRODUCT_BUNDLE_IDENTIFIER = ann.beckwon.IBookSearchTests;
				PRODUCT_NAME = "$(TARGET_NAME)";
				SWIFT_EMIT_LOC_STRINGS = NO;
				SWIFT_VERSION = 5.0;
				TARGETED_DEVICE_FAMILY = "1,2";
				TEST_HOST = "$(BUILT_PRODUCTS_DIR)/IBookSearch.app/$(BUNDLE_EXECUTABLE_FOLDER_PATH)/IBookSearch";
			};
			name = Release;
		};
		6870E65A290FBD7A0090F9B7 /* Debug */ = {
			isa = XCBuildConfiguration;
			buildSettings = {
				ALWAYS_EMBED_SWIFT_STANDARD_LIBRARIES = YES;
				CODE_SIGN_STYLE = Automatic;
				CURRENT_PROJECT_VERSION = 1;
				DEVELOPMENT_TEAM = X2WF6FR3RY;
				GENERATE_INFOPLIST_FILE = YES;
				MARKETING_VERSION = 1.0;
				PRODUCT_BUNDLE_IDENTIFIER = ann.beckwon.IBookSearchUITests;
				PRODUCT_NAME = "$(TARGET_NAME)";
				SWIFT_EMIT_LOC_STRINGS = NO;
				SWIFT_VERSION = 5.0;
				TARGETED_DEVICE_FAMILY = "1,2";
				TEST_TARGET_NAME = IBookSearch;
			};
			name = Debug;
		};
		6870E65B290FBD7A0090F9B7 /* Release */ = {
			isa = XCBuildConfiguration;
			buildSettings = {
				ALWAYS_EMBED_SWIFT_STANDARD_LIBRARIES = YES;
				CODE_SIGN_STYLE = Automatic;
				CURRENT_PROJECT_VERSION = 1;
				DEVELOPMENT_TEAM = X2WF6FR3RY;
				GENERATE_INFOPLIST_FILE = YES;
				MARKETING_VERSION = 1.0;
				PRODUCT_BUNDLE_IDENTIFIER = ann.beckwon.IBookSearchUITests;
				PRODUCT_NAME = "$(TARGET_NAME)";
				SWIFT_EMIT_LOC_STRINGS = NO;
				SWIFT_VERSION = 5.0;
				TARGETED_DEVICE_FAMILY = "1,2";
				TEST_TARGET_NAME = IBookSearch;
			};
			name = Release;
		};
/* End XCBuildConfiguration section */

/* Begin XCConfigurationList section */
		6870E624290FBD7A0090F9B7 /* Build configuration list for PBXProject "IBookSearch" */ = {
			isa = XCConfigurationList;
			buildConfigurations = (
				6870E651290FBD7A0090F9B7 /* Debug */,
				6870E652290FBD7A0090F9B7 /* Release */,
			);
			defaultConfigurationIsVisible = 0;
			defaultConfigurationName = Release;
		};
		6870E653290FBD7A0090F9B7 /* Build configuration list for PBXNativeTarget "IBookSearch" */ = {
			isa = XCConfigurationList;
			buildConfigurations = (
				6870E654290FBD7A0090F9B7 /* Debug */,
				6870E655290FBD7A0090F9B7 /* Release */,
			);
			defaultConfigurationIsVisible = 0;
			defaultConfigurationName = Release;
		};
		6870E656290FBD7A0090F9B7 /* Build configuration list for PBXNativeTarget "IBookSearchTests" */ = {
			isa = XCConfigurationList;
			buildConfigurations = (
				6870E657290FBD7A0090F9B7 /* Debug */,
				6870E658290FBD7A0090F9B7 /* Release */,
			);
			defaultConfigurationIsVisible = 0;
			defaultConfigurationName = Release;
		};
		6870E659290FBD7A0090F9B7 /* Build configuration list for PBXNativeTarget "IBookSearchUITests" */ = {
			isa = XCConfigurationList;
			buildConfigurations = (
				6870E65A290FBD7A0090F9B7 /* Debug */,
				6870E65B290FBD7A0090F9B7 /* Release */,
			);
			defaultConfigurationIsVisible = 0;
			defaultConfigurationName = Release;
		};
/* End XCConfigurationList section */
	};
	rootObject = 6870E621290FBD7A0090F9B7 /* Project object */;
}
