// !$*UTF8*$!
{
	archiveVersion = 1;
	classes = {
	};
	objectVersion = 56;
	objects = {

/* Begin PBXBuildFile section */
		6800A3F72913F093001832FD /* JsonLoaderError.swift in Sources */ = {isa = PBXBuildFile; fileRef = 6800A3F62913F093001832FD /* JsonLoaderError.swift */; };
		6800A3F92913F107001832FD /* NewBookRequestTest.swift in Sources */ = {isa = PBXBuildFile; fileRef = 6800A3F82913F107001832FD /* NewBookRequestTest.swift */; };
		6800A3FB2913F10F001832FD /* SearchBookRequestTest.swift in Sources */ = {isa = PBXBuildFile; fileRef = 6800A3FA2913F10F001832FD /* SearchBookRequestTest.swift */; };
		6802FAC42914BEA4008A35DB /* BookDetailViewController.swift in Sources */ = {isa = PBXBuildFile; fileRef = 6802FAC32914BEA4008A35DB /* BookDetailViewController.swift */; };
		6802FAC62914BEB3008A35DB /* BookDetailViewModel.swift in Sources */ = {isa = PBXBuildFile; fileRef = 6802FAC52914BEB3008A35DB /* BookDetailViewModel.swift */; };
		6802FACA2914BF34008A35DB /* BookDetailCollectionCell.swift in Sources */ = {isa = PBXBuildFile; fileRef = 6802FAC92914BF34008A35DB /* BookDetailCollectionCell.swift */; };
		6802FACC2914BF91008A35DB /* BookDetailRequestTest.swift in Sources */ = {isa = PBXBuildFile; fileRef = 6802FACB2914BF91008A35DB /* BookDetailRequestTest.swift */; };
		6802FACE2914C209008A35DB /* UICollectionViewCell+Extension.swift in Sources */ = {isa = PBXBuildFile; fileRef = 6802FACD2914C209008A35DB /* UICollectionViewCell+Extension.swift */; };
		6802FAD02914C228008A35DB /* UICollectionView+Extension.swift in Sources */ = {isa = PBXBuildFile; fileRef = 6802FACF2914C228008A35DB /* UICollectionView+Extension.swift */; };
		681D67AB2915444D00CBBF10 /* Notification+Extension.swift in Sources */ = {isa = PBXBuildFile; fileRef = 681D67AA2915444D00CBBF10 /* Notification+Extension.swift */; };
		681D67AE29154D8800CBBF10 /* BookDetailListViewModel.swift in Sources */ = {isa = PBXBuildFile; fileRef = 681D67AD29154D8800CBBF10 /* BookDetailListViewModel.swift */; };
		681D67B0291620F400CBBF10 /* SearchLoadingCollectionCell.swift in Sources */ = {isa = PBXBuildFile; fileRef = 681D67AF291620F400CBBF10 /* SearchLoadingCollectionCell.swift */; };
		681D67B22916210800CBBF10 /* BookCollectionViewCell.swift in Sources */ = {isa = PBXBuildFile; fileRef = 681D67B12916210800CBBF10 /* BookCollectionViewCell.swift */; };
		681D67B42916239000CBBF10 /* SelectAnimationNavigationViewController.swift in Sources */ = {isa = PBXBuildFile; fileRef = 681D67B32916239000CBBF10 /* SelectAnimationNavigationViewController.swift */; };
		681D67B829162E0300CBBF10 /* BookDetailViewController+Extension.swift in Sources */ = {isa = PBXBuildFile; fileRef = 681D67B729162E0300CBBF10 /* BookDetailViewController+Extension.swift */; };
		681D67BA29162F8C00CBBF10 /* BookListViewController+Extension.swift in Sources */ = {isa = PBXBuildFile; fileRef = 681D67B929162F8C00CBBF10 /* BookListViewController+Extension.swift */; };
		681D67BC2916331200CBBF10 /* CGFloat+Extension.swift in Sources */ = {isa = PBXBuildFile; fileRef = 681D67BB2916331200CBBF10 /* CGFloat+Extension.swift */; };
		681D67BE2916332D00CBBF10 /* CGSize+Extension.swift in Sources */ = {isa = PBXBuildFile; fileRef = 681D67BD2916332D00CBBF10 /* CGSize+Extension.swift */; };
		681D67C02916336200CBBF10 /* CGRect+Extension.swift in Sources */ = {isa = PBXBuildFile; fileRef = 681D67BF2916336200CBBF10 /* CGRect+Extension.swift */; };
		681D67C22916384500CBBF10 /* TransitionImageView.swift in Sources */ = {isa = PBXBuildFile; fileRef = 681D67C12916384500CBBF10 /* TransitionImageView.swift */; };
		6834FE00290FF9F2004399AC /* JsonLoader.swift in Sources */ = {isa = PBXBuildFile; fileRef = 6834FDFF290FF9F2004399AC /* JsonLoader.swift */; };
		6834FE02290FFA0B004399AC /* MockURLSession.swift in Sources */ = {isa = PBXBuildFile; fileRef = 6834FE01290FFA0B004399AC /* MockURLSession.swift */; };
		6834FE04290FFA31004399AC /* MockURLSessionDataTask.swift in Sources */ = {isa = PBXBuildFile; fileRef = 6834FE03290FFA31004399AC /* MockURLSessionDataTask.swift */; };
		6834FE0D29100A05004399AC /* NewBooks.json in Resources */ = {isa = PBXBuildFile; fileRef = 6834FE0A29100A04004399AC /* NewBooks.json */; };
		6834FE0E29100A05004399AC /* NewBooks.json in Resources */ = {isa = PBXBuildFile; fileRef = 6834FE0A29100A04004399AC /* NewBooks.json */; };
		6834FE0F29100A05004399AC /* DetailBook.json in Resources */ = {isa = PBXBuildFile; fileRef = 6834FE0B29100A04004399AC /* DetailBook.json */; };
		6834FE1029100A05004399AC /* DetailBook.json in Resources */ = {isa = PBXBuildFile; fileRef = 6834FE0B29100A04004399AC /* DetailBook.json */; };
		6834FE1129100A05004399AC /* SearchBooks.json in Resources */ = {isa = PBXBuildFile; fileRef = 6834FE0C29100A05004399AC /* SearchBooks.json */; };
		6834FE1229100A05004399AC /* SearchBooks.json in Resources */ = {isa = PBXBuildFile; fileRef = 6834FE0C29100A05004399AC /* SearchBooks.json */; };
		68367A5E290FE4CF005F4648 /* ImageCache.swift in Sources */ = {isa = PBXBuildFile; fileRef = 68367A5D290FE4CF005F4648 /* ImageCache.swift */; };
		68367A60290FEC39005F4648 /* URLSessionProtocol.swift in Sources */ = {isa = PBXBuildFile; fileRef = 68367A5F290FEC39005F4648 /* URLSessionProtocol.swift */; };
		68367A62290FEC51005F4648 /* URLSessionDataTaskProtocol.swift in Sources */ = {isa = PBXBuildFile; fileRef = 68367A61290FEC51005F4648 /* URLSessionDataTaskProtocol.swift */; };
		68367A64290FEE41005F4648 /* UIImageView+Extension.swift in Sources */ = {isa = PBXBuildFile; fileRef = 68367A63290FEE41005F4648 /* UIImageView+Extension.swift */; };
		68367A66290FF08E005F4648 /* APIRequest.swift in Sources */ = {isa = PBXBuildFile; fileRef = 68367A65290FF08E005F4648 /* APIRequest.swift */; };
		68367A68290FF09A005F4648 /* HTTPMethod.swift in Sources */ = {isa = PBXBuildFile; fileRef = 68367A67290FF09A005F4648 /* HTTPMethod.swift */; };
		683DA6DD29112538003D30FC /* BookListViewModel.swift in Sources */ = {isa = PBXBuildFile; fileRef = 683DA6DC29112538003D30FC /* BookListViewModel.swift */; };
		683DA6E129116451003D30FC /* BookListAPI.swift in Sources */ = {isa = PBXBuildFile; fileRef = 683DA6E029116451003D30FC /* BookListAPI.swift */; };
		683DA6E329116584003D30FC /* BookListRequest.swift in Sources */ = {isa = PBXBuildFile; fileRef = 683DA6E229116584003D30FC /* BookListRequest.swift */; };
		683DA6E52911659A003D30FC /* SearchInformation.swift in Sources */ = {isa = PBXBuildFile; fileRef = 683DA6E42911659A003D30FC /* SearchInformation.swift */; };
		683DA6E729116643003D30FC /* NetworkRequest.swift in Sources */ = {isa = PBXBuildFile; fileRef = 683DA6E629116643003D30FC /* NetworkRequest.swift */; };
		683DA6E929116716003D30FC /* BookImageAPI.swift in Sources */ = {isa = PBXBuildFile; fileRef = 683DA6E829116716003D30FC /* BookImageAPI.swift */; };
		683DA6EB2911680A003D30FC /* BookImageRequest.swift in Sources */ = {isa = PBXBuildFile; fileRef = 683DA6EA2911680A003D30FC /* BookImageRequest.swift */; };
		683DA6F3291177CC003D30FC /* ImageDownLoader.swift in Sources */ = {isa = PBXBuildFile; fileRef = 683DA6F2291177CC003D30FC /* ImageDownLoader.swift */; };
		68653CA0290FD24D00B53882 /* Reusable.swift in Sources */ = {isa = PBXBuildFile; fileRef = 68653C9F290FD24D00B53882 /* Reusable.swift */; };
		68673E8A2916E0EF0069959F /* BookDetailInteractiveDismissTransition.swift in Sources */ = {isa = PBXBuildFile; fileRef = 68673E892916E0EF0069959F /* BookDetailInteractiveDismissTransition.swift */; };
		6870E62D290FBD7A0090F9B7 /* AppDelegate.swift in Sources */ = {isa = PBXBuildFile; fileRef = 6870E62C290FBD7A0090F9B7 /* AppDelegate.swift */; };
		6870E62F290FBD7A0090F9B7 /* SceneDelegate.swift in Sources */ = {isa = PBXBuildFile; fileRef = 6870E62E290FBD7A0090F9B7 /* SceneDelegate.swift */; };
		6870E636290FBD7A0090F9B7 /* Assets.xcassets in Resources */ = {isa = PBXBuildFile; fileRef = 6870E635290FBD7A0090F9B7 /* Assets.xcassets */; };
		6870E639290FBD7A0090F9B7 /* LaunchScreen.storyboard in Resources */ = {isa = PBXBuildFile; fileRef = 6870E637290FBD7A0090F9B7 /* LaunchScreen.storyboard */; };
		6870E64E290FBD7A0090F9B7 /* IBookSearchUITests.swift in Sources */ = {isa = PBXBuildFile; fileRef = 6870E64D290FBD7A0090F9B7 /* IBookSearchUITests.swift */; };
		6870E650290FBD7A0090F9B7 /* IBookSearchUITestsLaunchTests.swift in Sources */ = {isa = PBXBuildFile; fileRef = 6870E64F290FBD7A0090F9B7 /* IBookSearchUITestsLaunchTests.swift */; };
		6870E664290FC4DD0090F9B7 /* BookListViewController.swift in Sources */ = {isa = PBXBuildFile; fileRef = 6870E663290FC4DD0090F9B7 /* BookListViewController.swift */; };
		6870E66B290FC6680090F9B7 /* UIView+Extension.swift in Sources */ = {isa = PBXBuildFile; fileRef = 6870E66A290FC6680090F9B7 /* UIView+Extension.swift */; };
		6870E66E290FCABF0090F9B7 /* Book.swift in Sources */ = {isa = PBXBuildFile; fileRef = 6870E66D290FCABF0090F9B7 /* Book.swift */; };
		6870E673290FCB790090F9B7 /* NetworkError.swift in Sources */ = {isa = PBXBuildFile; fileRef = 6870E672290FCB790090F9B7 /* NetworkError.swift */; };
		6870E675290FD1560090F9B7 /* BookList.swift in Sources */ = {isa = PBXBuildFile; fileRef = 6870E674290FD1560090F9B7 /* BookList.swift */; };
		6883DA0C29150A250024AC07 /* PaddingLabel.swift in Sources */ = {isa = PBXBuildFile; fileRef = 6883DA0B29150A250024AC07 /* PaddingLabel.swift */; };
		6883DA0E29150D9A0024AC07 /* BookDetail.swift in Sources */ = {isa = PBXBuildFile; fileRef = 6883DA0D29150D9A0024AC07 /* BookDetail.swift */; };
		68DFEC702916CFC4001943BF /* NSMutableAttributedString.swift in Sources */ = {isa = PBXBuildFile; fileRef = 68DFEC6F2916CFC4001943BF /* NSMutableAttributedString.swift */; };
		68DFEC742916DEAE001943BF /* BookDetailPushTransition.swift in Sources */ = {isa = PBXBuildFile; fileRef = 68DFEC732916DEAE001943BF /* BookDetailPushTransition.swift */; };
		68DFEC762916DF01001943BF /* BookDetailTransitionAnimatorDelegate.swift in Sources */ = {isa = PBXBuildFile; fileRef = 68DFEC752916DF01001943BF /* BookDetailTransitionAnimatorDelegate.swift */; };
		68DFEC782916DF20001943BF /* BookDetailPopTransition.swift in Sources */ = {isa = PBXBuildFile; fileRef = 68DFEC772916DF20001943BF /* BookDetailPopTransition.swift */; };
		68F35B8C2915261700FEE2D9 /* BaseCollectionViewCell.swift in Sources */ = {isa = PBXBuildFile; fileRef = 68F35B8B2915261700FEE2D9 /* BaseCollectionViewCell.swift */; };
/* End PBXBuildFile section */

/* Begin PBXContainerItemProxy section */
		6870E640290FBD7A0090F9B7 /* PBXContainerItemProxy */ = {
			isa = PBXContainerItemProxy;
			containerPortal = 6870E621290FBD7A0090F9B7 /* Project object */;
			proxyType = 1;
			remoteGlobalIDString = 6870E628290FBD7A0090F9B7;
			remoteInfo = IBookSearch;
		};
		6870E64A290FBD7A0090F9B7 /* PBXContainerItemProxy */ = {
			isa = PBXContainerItemProxy;
			containerPortal = 6870E621290FBD7A0090F9B7 /* Project object */;
			proxyType = 1;
			remoteGlobalIDString = 6870E628290FBD7A0090F9B7;
			remoteInfo = IBookSearch;
		};
/* End PBXContainerItemProxy section */

/* Begin PBXFileReference section */
		6800A3F62913F093001832FD /* JsonLoaderError.swift */ = {isa = PBXFileReference; lastKnownFileType = sourcecode.swift; path = JsonLoaderError.swift; sourceTree = "<group>"; };
		6800A3F82913F107001832FD /* NewBookRequestTest.swift */ = {isa = PBXFileReference; lastKnownFileType = sourcecode.swift; path = NewBookRequestTest.swift; sourceTree = "<group>"; };
		6800A3FA2913F10F001832FD /* SearchBookRequestTest.swift */ = {isa = PBXFileReference; lastKnownFileType = sourcecode.swift; path = SearchBookRequestTest.swift; sourceTree = "<group>"; };
		6802FAC32914BEA4008A35DB /* BookDetailViewController.swift */ = {isa = PBXFileReference; lastKnownFileType = sourcecode.swift; path = BookDetailViewController.swift; sourceTree = "<group>"; };
		6802FAC52914BEB3008A35DB /* BookDetailViewModel.swift */ = {isa = PBXFileReference; lastKnownFileType = sourcecode.swift; path = BookDetailViewModel.swift; sourceTree = "<group>"; };
		6802FAC92914BF34008A35DB /* BookDetailCollectionCell.swift */ = {isa = PBXFileReference; lastKnownFileType = sourcecode.swift; path = BookDetailCollectionCell.swift; sourceTree = "<group>"; };
		6802FACB2914BF91008A35DB /* BookDetailRequestTest.swift */ = {isa = PBXFileReference; lastKnownFileType = sourcecode.swift; path = BookDetailRequestTest.swift; sourceTree = "<group>"; };
		6802FACD2914C209008A35DB /* UICollectionViewCell+Extension.swift */ = {isa = PBXFileReference; lastKnownFileType = sourcecode.swift; path = "UICollectionViewCell+Extension.swift"; sourceTree = "<group>"; };
		6802FACF2914C228008A35DB /* UICollectionView+Extension.swift */ = {isa = PBXFileReference; lastKnownFileType = sourcecode.swift; path = "UICollectionView+Extension.swift"; sourceTree = "<group>"; };
		681D67AA2915444D00CBBF10 /* Notification+Extension.swift */ = {isa = PBXFileReference; lastKnownFileType = sourcecode.swift; path = "Notification+Extension.swift"; sourceTree = "<group>"; };
		681D67AD29154D8800CBBF10 /* BookDetailListViewModel.swift */ = {isa = PBXFileReference; lastKnownFileType = sourcecode.swift; path = BookDetailListViewModel.swift; sourceTree = "<group>"; };
		681D67AF291620F400CBBF10 /* SearchLoadingCollectionCell.swift */ = {isa = PBXFileReference; lastKnownFileType = sourcecode.swift; path = SearchLoadingCollectionCell.swift; sourceTree = "<group>"; };
		681D67B12916210800CBBF10 /* BookCollectionViewCell.swift */ = {isa = PBXFileReference; lastKnownFileType = sourcecode.swift; path = BookCollectionViewCell.swift; sourceTree = "<group>"; };
		681D67B32916239000CBBF10 /* SelectAnimationNavigationViewController.swift */ = {isa = PBXFileReference; lastKnownFileType = sourcecode.swift; path = SelectAnimationNavigationViewController.swift; sourceTree = "<group>"; };
		681D67B729162E0300CBBF10 /* BookDetailViewController+Extension.swift */ = {isa = PBXFileReference; lastKnownFileType = sourcecode.swift; path = "BookDetailViewController+Extension.swift"; sourceTree = "<group>"; };
		681D67B929162F8C00CBBF10 /* BookListViewController+Extension.swift */ = {isa = PBXFileReference; lastKnownFileType = sourcecode.swift; path = "BookListViewController+Extension.swift"; sourceTree = "<group>"; };
		681D67BB2916331200CBBF10 /* CGFloat+Extension.swift */ = {isa = PBXFileReference; lastKnownFileType = sourcecode.swift; path = "CGFloat+Extension.swift"; sourceTree = "<group>"; };
		681D67BD2916332D00CBBF10 /* CGSize+Extension.swift */ = {isa = PBXFileReference; lastKnownFileType = sourcecode.swift; path = "CGSize+Extension.swift"; sourceTree = "<group>"; };
		681D67BF2916336200CBBF10 /* CGRect+Extension.swift */ = {isa = PBXFileReference; lastKnownFileType = sourcecode.swift; path = "CGRect+Extension.swift"; sourceTree = "<group>"; };
		681D67C12916384500CBBF10 /* TransitionImageView.swift */ = {isa = PBXFileReference; lastKnownFileType = sourcecode.swift; path = TransitionImageView.swift; sourceTree = "<group>"; };
		6834FDFF290FF9F2004399AC /* JsonLoader.swift */ = {isa = PBXFileReference; lastKnownFileType = sourcecode.swift; path = JsonLoader.swift; sourceTree = "<group>"; };
		6834FE01290FFA0B004399AC /* MockURLSession.swift */ = {isa = PBXFileReference; lastKnownFileType = sourcecode.swift; path = MockURLSession.swift; sourceTree = "<group>"; };
		6834FE03290FFA31004399AC /* MockURLSessionDataTask.swift */ = {isa = PBXFileReference; lastKnownFileType = sourcecode.swift; path = MockURLSessionDataTask.swift; sourceTree = "<group>"; };
		6834FE0A29100A04004399AC /* NewBooks.json */ = {isa = PBXFileReference; fileEncoding = 4; lastKnownFileType = text.json; path = NewBooks.json; sourceTree = "<group>"; };
		6834FE0B29100A04004399AC /* DetailBook.json */ = {isa = PBXFileReference; fileEncoding = 4; lastKnownFileType = text.json; path = DetailBook.json; sourceTree = "<group>"; };
		6834FE0C29100A05004399AC /* SearchBooks.json */ = {isa = PBXFileReference; fileEncoding = 4; lastKnownFileType = text.json; path = SearchBooks.json; sourceTree = "<group>"; };
		68367A5D290FE4CF005F4648 /* ImageCache.swift */ = {isa = PBXFileReference; lastKnownFileType = sourcecode.swift; path = ImageCache.swift; sourceTree = "<group>"; wrapsLines = 0; };
		68367A5F290FEC39005F4648 /* URLSessionProtocol.swift */ = {isa = PBXFileReference; lastKnownFileType = sourcecode.swift; path = URLSessionProtocol.swift; sourceTree = "<group>"; };
		68367A61290FEC51005F4648 /* URLSessionDataTaskProtocol.swift */ = {isa = PBXFileReference; lastKnownFileType = sourcecode.swift; path = URLSessionDataTaskProtocol.swift; sourceTree = "<group>"; };
		68367A63290FEE41005F4648 /* UIImageView+Extension.swift */ = {isa = PBXFileReference; lastKnownFileType = sourcecode.swift; path = "UIImageView+Extension.swift"; sourceTree = "<group>"; };
		68367A65290FF08E005F4648 /* APIRequest.swift */ = {isa = PBXFileReference; lastKnownFileType = sourcecode.swift; path = APIRequest.swift; sourceTree = "<group>"; };
		68367A67290FF09A005F4648 /* HTTPMethod.swift */ = {isa = PBXFileReference; lastKnownFileType = sourcecode.swift; path = HTTPMethod.swift; sourceTree = "<group>"; };
		683DA6DC29112538003D30FC /* BookListViewModel.swift */ = {isa = PBXFileReference; lastKnownFileType = sourcecode.swift; path = BookListViewModel.swift; sourceTree = "<group>"; };
		683DA6E029116451003D30FC /* BookListAPI.swift */ = {isa = PBXFileReference; lastKnownFileType = sourcecode.swift; path = BookListAPI.swift; sourceTree = "<group>"; };
		683DA6E229116584003D30FC /* BookListRequest.swift */ = {isa = PBXFileReference; lastKnownFileType = sourcecode.swift; path = BookListRequest.swift; sourceTree = "<group>"; };
		683DA6E42911659A003D30FC /* SearchInformation.swift */ = {isa = PBXFileReference; lastKnownFileType = sourcecode.swift; path = SearchInformation.swift; sourceTree = "<group>"; };
		683DA6E629116643003D30FC /* NetworkRequest.swift */ = {isa = PBXFileReference; lastKnownFileType = sourcecode.swift; path = NetworkRequest.swift; sourceTree = "<group>"; };
		683DA6E829116716003D30FC /* BookImageAPI.swift */ = {isa = PBXFileReference; lastKnownFileType = sourcecode.swift; path = BookImageAPI.swift; sourceTree = "<group>"; };
		683DA6EA2911680A003D30FC /* BookImageRequest.swift */ = {isa = PBXFileReference; lastKnownFileType = sourcecode.swift; path = BookImageRequest.swift; sourceTree = "<group>"; };
		683DA6F2291177CC003D30FC /* ImageDownLoader.swift */ = {isa = PBXFileReference; lastKnownFileType = sourcecode.swift; path = ImageDownLoader.swift; sourceTree = "<group>"; };
		68653C9F290FD24D00B53882 /* Reusable.swift */ = {isa = PBXFileReference; lastKnownFileType = sourcecode.swift; path = Reusable.swift; sourceTree = "<group>"; };
		68673E892916E0EF0069959F /* BookDetailInteractiveDismissTransition.swift */ = {isa = PBXFileReference; lastKnownFileType = sourcecode.swift; path = BookDetailInteractiveDismissTransition.swift; sourceTree = "<group>"; };
		6870E629290FBD7A0090F9B7 /* IBookSearch.app */ = {isa = PBXFileReference; explicitFileType = wrapper.application; includeInIndex = 0; path = IBookSearch.app; sourceTree = BUILT_PRODUCTS_DIR; };
		6870E62C290FBD7A0090F9B7 /* AppDelegate.swift */ = {isa = PBXFileReference; lastKnownFileType = sourcecode.swift; path = AppDelegate.swift; sourceTree = "<group>"; };
		6870E62E290FBD7A0090F9B7 /* SceneDelegate.swift */ = {isa = PBXFileReference; lastKnownFileType = sourcecode.swift; path = SceneDelegate.swift; sourceTree = "<group>"; };
		6870E635290FBD7A0090F9B7 /* Assets.xcassets */ = {isa = PBXFileReference; lastKnownFileType = folder.assetcatalog; path = Assets.xcassets; sourceTree = "<group>"; };
		6870E638290FBD7A0090F9B7 /* Base */ = {isa = PBXFileReference; lastKnownFileType = file.storyboard; name = Base; path = Base.lproj/LaunchScreen.storyboard; sourceTree = "<group>"; };
		6870E63A290FBD7A0090F9B7 /* Info.plist */ = {isa = PBXFileReference; lastKnownFileType = text.plist.xml; path = Info.plist; sourceTree = "<group>"; };
		6870E63F290FBD7A0090F9B7 /* IBookSearchTests.xctest */ = {isa = PBXFileReference; explicitFileType = wrapper.cfbundle; includeInIndex = 0; path = IBookSearchTests.xctest; sourceTree = BUILT_PRODUCTS_DIR; };
		6870E649290FBD7A0090F9B7 /* IBookSearchUITests.xctest */ = {isa = PBXFileReference; explicitFileType = wrapper.cfbundle; includeInIndex = 0; path = IBookSearchUITests.xctest; sourceTree = BUILT_PRODUCTS_DIR; };
		6870E64D290FBD7A0090F9B7 /* IBookSearchUITests.swift */ = {isa = PBXFileReference; lastKnownFileType = sourcecode.swift; path = IBookSearchUITests.swift; sourceTree = "<group>"; };
		6870E64F290FBD7A0090F9B7 /* IBookSearchUITestsLaunchTests.swift */ = {isa = PBXFileReference; lastKnownFileType = sourcecode.swift; path = IBookSearchUITestsLaunchTests.swift; sourceTree = "<group>"; };
		6870E663290FC4DD0090F9B7 /* BookListViewController.swift */ = {isa = PBXFileReference; lastKnownFileType = sourcecode.swift; path = BookListViewController.swift; sourceTree = "<group>"; };
		6870E66A290FC6680090F9B7 /* UIView+Extension.swift */ = {isa = PBXFileReference; lastKnownFileType = sourcecode.swift; path = "UIView+Extension.swift"; sourceTree = "<group>"; };
		6870E66D290FCABF0090F9B7 /* Book.swift */ = {isa = PBXFileReference; lastKnownFileType = sourcecode.swift; path = Book.swift; sourceTree = "<group>"; };
		6870E672290FCB790090F9B7 /* NetworkError.swift */ = {isa = PBXFileReference; lastKnownFileType = sourcecode.swift; path = NetworkError.swift; sourceTree = "<group>"; };
		6870E674290FD1560090F9B7 /* BookList.swift */ = {isa = PBXFileReference; lastKnownFileType = sourcecode.swift; path = BookList.swift; sourceTree = "<group>"; };
		6883DA0B29150A250024AC07 /* PaddingLabel.swift */ = {isa = PBXFileReference; lastKnownFileType = sourcecode.swift; path = PaddingLabel.swift; sourceTree = "<group>"; };
		6883DA0D29150D9A0024AC07 /* BookDetail.swift */ = {isa = PBXFileReference; lastKnownFileType = sourcecode.swift; path = BookDetail.swift; sourceTree = "<group>"; };
		68DFEC6F2916CFC4001943BF /* NSMutableAttributedString.swift */ = {isa = PBXFileReference; lastKnownFileType = sourcecode.swift; path = NSMutableAttributedString.swift; sourceTree = "<group>"; };
		68DFEC732916DEAE001943BF /* BookDetailPushTransition.swift */ = {isa = PBXFileReference; lastKnownFileType = sourcecode.swift; path = BookDetailPushTransition.swift; sourceTree = "<group>"; };
		68DFEC752916DF01001943BF /* BookDetailTransitionAnimatorDelegate.swift */ = {isa = PBXFileReference; lastKnownFileType = sourcecode.swift; path = BookDetailTransitionAnimatorDelegate.swift; sourceTree = "<group>"; };
		68DFEC772916DF20001943BF /* BookDetailPopTransition.swift */ = {isa = PBXFileReference; lastKnownFileType = sourcecode.swift; path = BookDetailPopTransition.swift; sourceTree = "<group>"; };
		68F35B8B2915261700FEE2D9 /* BaseCollectionViewCell.swift */ = {isa = PBXFileReference; lastKnownFileType = sourcecode.swift; path = BaseCollectionViewCell.swift; sourceTree = "<group>"; };
/* End PBXFileReference section */

/* Begin PBXFrameworksBuildPhase section */
		6870E626290FBD7A0090F9B7 /* Frameworks */ = {
			isa = PBXFrameworksBuildPhase;
			buildActionMask = 2147483647;
			files = (
			);
			runOnlyForDeploymentPostprocessing = 0;
		};
		6870E63C290FBD7A0090F9B7 /* Frameworks */ = {
			isa = PBXFrameworksBuildPhase;
			buildActionMask = 2147483647;
			files = (
			);
			runOnlyForDeploymentPostprocessing = 0;
		};
		6870E646290FBD7A0090F9B7 /* Frameworks */ = {
			isa = PBXFrameworksBuildPhase;
			buildActionMask = 2147483647;
			files = (
			);
			runOnlyForDeploymentPostprocessing = 0;
		};
/* End PBXFrameworksBuildPhase section */

/* Begin PBXGroup section */
		6800A3FC2913F2E3001832FD /* MockURLSession */ = {
			isa = PBXGroup;
			children = (
				6834FE03290FFA31004399AC /* MockURLSessionDataTask.swift */,
				6834FE01290FFA0B004399AC /* MockURLSession.swift */,
			);
			path = MockURLSession;
			sourceTree = "<group>";
		};
		6800A3FD2913F2ED001832FD /* JsonLoader */ = {
			isa = PBXGroup;
			children = (
				6834FDFF290FF9F2004399AC /* JsonLoader.swift */,
				6800A3F62913F093001832FD /* JsonLoaderError.swift */,
			);
			path = JsonLoader;
			sourceTree = "<group>";
		};
		6800A3FE2913F30A001832FD /* NetworkTests */ = {
			isa = PBXGroup;
			children = (
				6800A3F82913F107001832FD /* NewBookRequestTest.swift */,
				6802FACB2914BF91008A35DB /* BookDetailRequestTest.swift */,
				6800A3FA2913F10F001832FD /* SearchBookRequestTest.swift */,
			);
			path = NetworkTests;
			sourceTree = "<group>";
		};
		6802FAC22914BE97008A35DB /* BookDetail */ = {
			isa = PBXGroup;
			children = (
				68673E8C2916E19A0069959F /* BookDetail+Controller */,
				68673E8B2916E18E0069959F /* BookDetail+View */,
			);
			path = BookDetail;
			sourceTree = "<group>";
		};
		6834FE0929100982004399AC /* Resource */ = {
			isa = PBXGroup;
			children = (
				6834FE0B29100A04004399AC /* DetailBook.json */,
				6834FE0A29100A04004399AC /* NewBooks.json */,
				6834FE0C29100A05004399AC /* SearchBooks.json */,
				6870E635290FBD7A0090F9B7 /* Assets.xcassets */,
			);
			path = Resource;
			sourceTree = "<group>";
		};
		6834FE1329100BA8004399AC /* Scene */ = {
			isa = PBXGroup;
			children = (
				6870E62C290FBD7A0090F9B7 /* AppDelegate.swift */,
				6870E62E290FBD7A0090F9B7 /* SceneDelegate.swift */,
				6870E637290FBD7A0090F9B7 /* LaunchScreen.storyboard */,
			);
			path = Scene;
			sourceTree = "<group>";
		};
		683DA6EC291168B1003D30FC /* BookList */ = {
			isa = PBXGroup;
			children = (
				683DA6E029116451003D30FC /* BookListAPI.swift */,
				683DA6E229116584003D30FC /* BookListRequest.swift */,
			);
			path = BookList;
			sourceTree = "<group>";
		};
		683DA6ED291168B7003D30FC /* BookImage */ = {
			isa = PBXGroup;
			children = (
				683DA6E829116716003D30FC /* BookImageAPI.swift */,
				683DA6EA2911680A003D30FC /* BookImageRequest.swift */,
			);
			path = BookImage;
			sourceTree = "<group>";
		};
		683DA6EF291168D9003D30FC /* Network+Entities */ = {
			isa = PBXGroup;
			children = (
				68367A67290FF09A005F4648 /* HTTPMethod.swift */,
				6870E672290FCB790090F9B7 /* NetworkError.swift */,
			);
			path = "Network+Entities";
			sourceTree = "<group>";
		};
		683DA6F029116914003D30FC /* ImageCache */ = {
			isa = PBXGroup;
			children = (
				68367A5D290FE4CF005F4648 /* ImageCache.swift */,
			);
			path = ImageCache;
			sourceTree = "<group>";
		};
		683DA6F12911691D003D30FC /* Network+Manager */ = {
			isa = PBXGroup;
			children = (
				683DA6E629116643003D30FC /* NetworkRequest.swift */,
				683DA6F2291177CC003D30FC /* ImageDownLoader.swift */,
			);
			path = "Network+Manager";
			sourceTree = "<group>";
		};
		68673E8B2916E18E0069959F /* BookDetail+View */ = {
			isa = PBXGroup;
			children = (
				6802FAC52914BEB3008A35DB /* BookDetailViewModel.swift */,
				6802FAC92914BF34008A35DB /* BookDetailCollectionCell.swift */,
			);
			path = "BookDetail+View";
			sourceTree = "<group>";
		};
		68673E8C2916E19A0069959F /* BookDetail+Controller */ = {
			isa = PBXGroup;
			children = (
				681D67AD29154D8800CBBF10 /* BookDetailListViewModel.swift */,
				6802FAC32914BEA4008A35DB /* BookDetailViewController.swift */,
				681D67B729162E0300CBBF10 /* BookDetailViewController+Extension.swift */,
			);
			path = "BookDetail+Controller";
			sourceTree = "<group>";
		};
		6870E620290FBD7A0090F9B7 = {
			isa = PBXGroup;
			children = (
				6870E62B290FBD7A0090F9B7 /* IBookSearch */,
				6870E642290FBD7A0090F9B7 /* IBookSearchTests */,
				6870E64C290FBD7A0090F9B7 /* IBookSearchUITests */,
				6870E62A290FBD7A0090F9B7 /* Products */,
			);
			sourceTree = "<group>";
		};
		6870E62A290FBD7A0090F9B7 /* Products */ = {
			isa = PBXGroup;
			children = (
				6870E629290FBD7A0090F9B7 /* IBookSearch.app */,
				6870E63F290FBD7A0090F9B7 /* IBookSearchTests.xctest */,
				6870E649290FBD7A0090F9B7 /* IBookSearchUITests.xctest */,
			);
			name = Products;
			sourceTree = "<group>";
		};
		6870E62B290FBD7A0090F9B7 /* IBookSearch */ = {
			isa = PBXGroup;
			children = (
				6834FE1329100BA8004399AC /* Scene */,
				6834FE0929100982004399AC /* Resource */,
				6870E67A290FD2160090F9B7 /* Protocol */,
				6870E66F290FCAD40090F9B7 /* Networking */,
				6870E66C290FCAB90090F9B7 /* Model */,
				6870E669290FC5C10090F9B7 /* Extension */,
				6870E65D290FC4350090F9B7 /* Presentation */,
				6870E63A290FBD7A0090F9B7 /* Info.plist */,
			);
			path = IBookSearch;
			sourceTree = "<group>";
		};
		6870E642290FBD7A0090F9B7 /* IBookSearchTests */ = {
			isa = PBXGroup;
			children = (
				6800A3FE2913F30A001832FD /* NetworkTests */,
				6800A3FD2913F2ED001832FD /* JsonLoader */,
				6800A3FC2913F2E3001832FD /* MockURLSession */,
			);
			path = IBookSearchTests;
			sourceTree = "<group>";
		};
		6870E64C290FBD7A0090F9B7 /* IBookSearchUITests */ = {
			isa = PBXGroup;
			children = (
				6870E64D290FBD7A0090F9B7 /* IBookSearchUITests.swift */,
				6870E64F290FBD7A0090F9B7 /* IBookSearchUITestsLaunchTests.swift */,
			);
			path = IBookSearchUITests;
			sourceTree = "<group>";
		};
		6870E65D290FC4350090F9B7 /* Presentation */ = {
			isa = PBXGroup;
			children = (
				68DFEC6E2916B716001943BF /* Animation */,
				68DFEC6D2916B6F7001943BF /* CustomUI */,
				68DFEC6C2916B64C001943BF /* NavigationViewController */,
				6802FAC22914BE97008A35DB /* BookDetail */,
				6870E65E290FC4420090F9B7 /* BookList */,
			);
			path = Presentation;
			sourceTree = "<group>";
		};
		6870E65E290FC4420090F9B7 /* BookList */ = {
			isa = PBXGroup;
			children = (
				6870E661290FC4A30090F9B7 /* BookList+View */,
				6870E660290FC4670090F9B7 /* BookList+Controller */,
			);
			path = BookList;
			sourceTree = "<group>";
		};
		6870E660290FC4670090F9B7 /* BookList+Controller */ = {
			isa = PBXGroup;
			children = (
				683DA6DC29112538003D30FC /* BookListViewModel.swift */,
				6870E663290FC4DD0090F9B7 /* BookListViewController.swift */,
				681D67B929162F8C00CBBF10 /* BookListViewController+Extension.swift */,
			);
			path = "BookList+Controller";
			sourceTree = "<group>";
		};
		6870E661290FC4A30090F9B7 /* BookList+View */ = {
			isa = PBXGroup;
			children = (
				681D67B12916210800CBBF10 /* BookCollectionViewCell.swift */,
				681D67AF291620F400CBBF10 /* SearchLoadingCollectionCell.swift */,
			);
			path = "BookList+View";
			sourceTree = "<group>";
		};
		6870E669290FC5C10090F9B7 /* Extension */ = {
			isa = PBXGroup;
			children = (
				6870E66A290FC6680090F9B7 /* UIView+Extension.swift */,
				68367A63290FEE41005F4648 /* UIImageView+Extension.swift */,
				6802FACF2914C228008A35DB /* UICollectionView+Extension.swift */,
				6802FACD2914C209008A35DB /* UICollectionViewCell+Extension.swift */,
				681D67AA2915444D00CBBF10 /* Notification+Extension.swift */,
				681D67BB2916331200CBBF10 /* CGFloat+Extension.swift */,
				681D67BD2916332D00CBBF10 /* CGSize+Extension.swift */,
				681D67BF2916336200CBBF10 /* CGRect+Extension.swift */,
				68DFEC6F2916CFC4001943BF /* NSMutableAttributedString.swift */,
			);
			path = Extension;
			sourceTree = "<group>";
		};
		6870E66C290FCAB90090F9B7 /* Model */ = {
			isa = PBXGroup;
			children = (
				6870E66D290FCABF0090F9B7 /* Book.swift */,
				6870E674290FD1560090F9B7 /* BookList.swift */,
				683DA6E42911659A003D30FC /* SearchInformation.swift */,
				6883DA0D29150D9A0024AC07 /* BookDetail.swift */,
			);
			path = Model;
			sourceTree = "<group>";
		};
		6870E66F290FCAD40090F9B7 /* Networking */ = {
			isa = PBXGroup;
			children = (
				683DA6F12911691D003D30FC /* Network+Manager */,
				683DA6F029116914003D30FC /* ImageCache */,
				683DA6EF291168D9003D30FC /* Network+Entities */,
				683DA6ED291168B7003D30FC /* BookImage */,
				683DA6EC291168B1003D30FC /* BookList */,
			);
			path = Networking;
			sourceTree = "<group>";
		};
		6870E67A290FD2160090F9B7 /* Protocol */ = {
			isa = PBXGroup;
			children = (
				68653C9F290FD24D00B53882 /* Reusable.swift */,
				68367A65290FF08E005F4648 /* APIRequest.swift */,
				68367A5F290FEC39005F4648 /* URLSessionProtocol.swift */,
				68367A61290FEC51005F4648 /* URLSessionDataTaskProtocol.swift */,
			);
			path = Protocol;
			sourceTree = "<group>";
		};
		68DFEC6C2916B64C001943BF /* NavigationViewController */ = {
			isa = PBXGroup;
			children = (
				681D67B32916239000CBBF10 /* SelectAnimationNavigationViewController.swift */,
				68673E892916E0EF0069959F /* BookDetailInteractiveDismissTransition.swift */,
			);
			path = NavigationViewController;
			sourceTree = "<group>";
		};
		68DFEC6D2916B6F7001943BF /* CustomUI */ = {
			isa = PBXGroup;
			children = (
				68F35B8B2915261700FEE2D9 /* BaseCollectionViewCell.swift */,
				681D67C12916384500CBBF10 /* TransitionImageView.swift */,
				6883DA0B29150A250024AC07 /* PaddingLabel.swift */,
			);
			path = CustomUI;
			sourceTree = "<group>";
		};
		68DFEC6E2916B716001943BF /* Animation */ = {
			isa = PBXGroup;
			children = (
				68DFEC752916DF01001943BF /* BookDetailTransitionAnimatorDelegate.swift */,
				68DFEC772916DF20001943BF /* BookDetailPopTransition.swift */,
				68DFEC732916DEAE001943BF /* BookDetailPushTransition.swift */,
			);
			path = Animation;
			sourceTree = "<group>";
		};
/* End PBXGroup section */

/* Begin PBXNativeTarget section */
		6870E628290FBD7A0090F9B7 /* IBookSearch */ = {
			isa = PBXNativeTarget;
			buildConfigurationList = 6870E653290FBD7A0090F9B7 /* Build configuration list for PBXNativeTarget "IBookSearch" */;
			buildPhases = (
				6870E625290FBD7A0090F9B7 /* Sources */,
				6870E626290FBD7A0090F9B7 /* Frameworks */,
				6870E627290FBD7A0090F9B7 /* Resources */,
			);
			buildRules = (
			);
			dependencies = (
			);
			name = IBookSearch;
			productName = IBookSearch;
			productReference = 6870E629290FBD7A0090F9B7 /* IBookSearch.app */;
			productType = "com.apple.product-type.application";
		};
		6870E63E290FBD7A0090F9B7 /* IBookSearchTests */ = {
			isa = PBXNativeTarget;
			buildConfigurationList = 6870E656290FBD7A0090F9B7 /* Build configuration list for PBXNativeTarget "IBookSearchTests" */;
			buildPhases = (
				6870E63B290FBD7A0090F9B7 /* Sources */,
				6870E63C290FBD7A0090F9B7 /* Frameworks */,
				6870E63D290FBD7A0090F9B7 /* Resources */,
			);
			buildRules = (
			);
			dependencies = (
				6870E641290FBD7A0090F9B7 /* PBXTargetDependency */,
			);
			name = IBookSearchTests;
			productName = IBookSearchTests;
			productReference = 6870E63F290FBD7A0090F9B7 /* IBookSearchTests.xctest */;
			productType = "com.apple.product-type.bundle.unit-test";
		};
		6870E648290FBD7A0090F9B7 /* IBookSearchUITests */ = {
			isa = PBXNativeTarget;
			buildConfigurationList = 6870E659290FBD7A0090F9B7 /* Build configuration list for PBXNativeTarget "IBookSearchUITests" */;
			buildPhases = (
				6870E645290FBD7A0090F9B7 /* Sources */,
				6870E646290FBD7A0090F9B7 /* Frameworks */,
				6870E647290FBD7A0090F9B7 /* Resources */,
			);
			buildRules = (
			);
			dependencies = (
				6870E64B290FBD7A0090F9B7 /* PBXTargetDependency */,
			);
			name = IBookSearchUITests;
			productName = IBookSearchUITests;
			productReference = 6870E649290FBD7A0090F9B7 /* IBookSearchUITests.xctest */;
			productType = "com.apple.product-type.bundle.ui-testing";
		};
/* End PBXNativeTarget section */

/* Begin PBXProject section */
		6870E621290FBD7A0090F9B7 /* Project object */ = {
			isa = PBXProject;
			attributes = {
				BuildIndependentTargetsInParallel = 1;
				LastSwiftUpdateCheck = 1400;
				LastUpgradeCheck = 1400;
				TargetAttributes = {
					6870E628290FBD7A0090F9B7 = {
						CreatedOnToolsVersion = 14.0.1;
					};
					6870E63E290FBD7A0090F9B7 = {
						CreatedOnToolsVersion = 14.0.1;
						TestTargetID = 6870E628290FBD7A0090F9B7;
					};
					6870E648290FBD7A0090F9B7 = {
						CreatedOnToolsVersion = 14.0.1;
						TestTargetID = 6870E628290FBD7A0090F9B7;
					};
				};
			};
			buildConfigurationList = 6870E624290FBD7A0090F9B7 /* Build configuration list for PBXProject "IBookSearch" */;
			compatibilityVersion = "Xcode 14.0";
			developmentRegion = en;
			hasScannedForEncodings = 0;
			knownRegions = (
				en,
				Base,
			);
			mainGroup = 6870E620290FBD7A0090F9B7;
			productRefGroup = 6870E62A290FBD7A0090F9B7 /* Products */;
			projectDirPath = "";
			projectRoot = "";
			targets = (
				6870E628290FBD7A0090F9B7 /* IBookSearch */,
				6870E63E290FBD7A0090F9B7 /* IBookSearchTests */,
				6870E648290FBD7A0090F9B7 /* IBookSearchUITests */,
			);
		};
/* End PBXProject section */

/* Begin PBXResourcesBuildPhase section */
		6870E627290FBD7A0090F9B7 /* Resources */ = {
			isa = PBXResourcesBuildPhase;
			buildActionMask = 2147483647;
			files = (
				6870E639290FBD7A0090F9B7 /* LaunchScreen.storyboard in Resources */,
				6834FE0F29100A05004399AC /* DetailBook.json in Resources */,
				6834FE0D29100A05004399AC /* NewBooks.json in Resources */,
				6834FE1129100A05004399AC /* SearchBooks.json in Resources */,
				6870E636290FBD7A0090F9B7 /* Assets.xcassets in Resources */,
			);
			runOnlyForDeploymentPostprocessing = 0;
		};
		6870E63D290FBD7A0090F9B7 /* Resources */ = {
			isa = PBXResourcesBuildPhase;
			buildActionMask = 2147483647;
			files = (
				6834FE0E29100A05004399AC /* NewBooks.json in Resources */,
				6834FE1229100A05004399AC /* SearchBooks.json in Resources */,
				6834FE1029100A05004399AC /* DetailBook.json in Resources */,
			);
			runOnlyForDeploymentPostprocessing = 0;
		};
		6870E647290FBD7A0090F9B7 /* Resources */ = {
			isa = PBXResourcesBuildPhase;
			buildActionMask = 2147483647;
			files = (
			);
			runOnlyForDeploymentPostprocessing = 0;
		};
/* End PBXResourcesBuildPhase section */

/* Begin PBXSourcesBuildPhase section */
		6870E625290FBD7A0090F9B7 /* Sources */ = {
			isa = PBXSourcesBuildPhase;
			buildActionMask = 2147483647;
			files = (
				6802FACE2914C209008A35DB /* UICollectionViewCell+Extension.swift in Sources */,
				6883DA0E29150D9A0024AC07 /* BookDetail.swift in Sources */,
				683DA6EB2911680A003D30FC /* BookImageRequest.swift in Sources */,
				683DA6E729116643003D30FC /* NetworkRequest.swift in Sources */,
				683DA6F3291177CC003D30FC /* ImageDownLoader.swift in Sources */,
				681D67B22916210800CBBF10 /* BookCollectionViewCell.swift in Sources */,
				68673E8A2916E0EF0069959F /* BookDetailInteractiveDismissTransition.swift in Sources */,
				68DFEC762916DF01001943BF /* BookDetailTransitionAnimatorDelegate.swift in Sources */,
				6802FAC62914BEB3008A35DB /* BookDetailViewModel.swift in Sources */,
				683DA6E52911659A003D30FC /* SearchInformation.swift in Sources */,
				6870E66E290FCABF0090F9B7 /* Book.swift in Sources */,
				681D67BC2916331200CBBF10 /* CGFloat+Extension.swift in Sources */,
				68DFEC702916CFC4001943BF /* NSMutableAttributedString.swift in Sources */,
				68DFEC742916DEAE001943BF /* BookDetailPushTransition.swift in Sources */,
				6870E675290FD1560090F9B7 /* BookList.swift in Sources */,
				681D67AE29154D8800CBBF10 /* BookDetailListViewModel.swift in Sources */,
				681D67B829162E0300CBBF10 /* BookDetailViewController+Extension.swift in Sources */,
				683DA6DD29112538003D30FC /* BookListViewModel.swift in Sources */,
				68367A66290FF08E005F4648 /* APIRequest.swift in Sources */,
				6802FAC42914BEA4008A35DB /* BookDetailViewController.swift in Sources */,
				681D67BE2916332D00CBBF10 /* CGSize+Extension.swift in Sources */,
				6870E66B290FC6680090F9B7 /* UIView+Extension.swift in Sources */,
				68367A68290FF09A005F4648 /* HTTPMethod.swift in Sources */,
				68653CA0290FD24D00B53882 /* Reusable.swift in Sources */,
				6802FAD02914C228008A35DB /* UICollectionView+Extension.swift in Sources */,
				6802FACA2914BF34008A35DB /* BookDetailCollectionCell.swift in Sources */,
				68F35B8C2915261700FEE2D9 /* BaseCollectionViewCell.swift in Sources */,
				683DA6E129116451003D30FC /* BookListAPI.swift in Sources */,
				68367A62290FEC51005F4648 /* URLSessionDataTaskProtocol.swift in Sources */,
				681D67BA29162F8C00CBBF10 /* BookListViewController+Extension.swift in Sources */,
				681D67C02916336200CBBF10 /* CGRect+Extension.swift in Sources */,
				683DA6E329116584003D30FC /* BookListRequest.swift in Sources */,
				681D67B0291620F400CBBF10 /* SearchLoadingCollectionCell.swift in Sources */,
				68367A5E290FE4CF005F4648 /* ImageCache.swift in Sources */,
				68DFEC782916DF20001943BF /* BookDetailPopTransition.swift in Sources */,
				68367A64290FEE41005F4648 /* UIImageView+Extension.swift in Sources */,
				683DA6E929116716003D30FC /* BookImageAPI.swift in Sources */,
				6883DA0C29150A250024AC07 /* PaddingLabel.swift in Sources */,
				6870E664290FC4DD0090F9B7 /* BookListViewController.swift in Sources */,
				68367A60290FEC39005F4648 /* URLSessionProtocol.swift in Sources */,
				681D67AB2915444D00CBBF10 /* Notification+Extension.swift in Sources */,
				6870E62D290FBD7A0090F9B7 /* AppDelegate.swift in Sources */,
				6870E62F290FBD7A0090F9B7 /* SceneDelegate.swift in Sources */,
				681D67B42916239000CBBF10 /* SelectAnimationNavigationViewController.swift in Sources */,
				681D67C22916384500CBBF10 /* TransitionImageView.swift in Sources */,
				6870E673290FCB790090F9B7 /* NetworkError.swift in Sources */,
			);
			runOnlyForDeploymentPostprocessing = 0;
		};
		6870E63B290FBD7A0090F9B7 /* Sources */ = {
			isa = PBXSourcesBuildPhase;
			buildActionMask = 2147483647;
			files = (
				6800A3F92913F107001832FD /* NewBookRequestTest.swift in Sources */,
				6834FE00290FF9F2004399AC /* JsonLoader.swift in Sources */,
				6802FACC2914BF91008A35DB /* BookDetailRequestTest.swift in Sources */,
				6834FE04290FFA31004399AC /* MockURLSessionDataTask.swift in Sources */,
				6800A3FB2913F10F001832FD /* SearchBookRequestTest.swift in Sources */,
				6800A3F72913F093001832FD /* JsonLoaderError.swift in Sources */,
				6834FE02290FFA0B004399AC /* MockURLSession.swift in Sources */,
			);
			runOnlyForDeploymentPostprocessing = 0;
		};
		6870E645290FBD7A0090F9B7 /* Sources */ = {
			isa = PBXSourcesBuildPhase;
			buildActionMask = 2147483647;
			files = (
				6870E64E290FBD7A0090F9B7 /* IBookSearchUITests.swift in Sources */,
				6870E650290FBD7A0090F9B7 /* IBookSearchUITestsLaunchTests.swift in Sources */,
			);
			runOnlyForDeploymentPostprocessing = 0;
		};
/* End PBXSourcesBuildPhase section */

/* Begin PBXTargetDependency section */
		6870E641290FBD7A0090F9B7 /* PBXTargetDependency */ = {
			isa = PBXTargetDependency;
			target = 6870E628290FBD7A0090F9B7 /* IBookSearch */;
			targetProxy = 6870E640290FBD7A0090F9B7 /* PBXContainerItemProxy */;
		};
		6870E64B290FBD7A0090F9B7 /* PBXTargetDependency */ = {
			isa = PBXTargetDependency;
			target = 6870E628290FBD7A0090F9B7 /* IBookSearch */;
			targetProxy = 6870E64A290FBD7A0090F9B7 /* PBXContainerItemProxy */;
		};
/* End PBXTargetDependency section */

/* Begin PBXVariantGroup section */
		6870E637290FBD7A0090F9B7 /* LaunchScreen.storyboard */ = {
			isa = PBXVariantGroup;
			children = (
				6870E638290FBD7A0090F9B7 /* Base */,
			);
			name = LaunchScreen.storyboard;
			sourceTree = "<group>";
		};
/* End PBXVariantGroup section */

/* Begin XCBuildConfiguration section */
		6870E651290FBD7A0090F9B7 /* Debug */ = {
			isa = XCBuildConfiguration;
			buildSettings = {
				ALWAYS_SEARCH_USER_PATHS = NO;
				CLANG_ANALYZER_NONNULL = YES;
				CLANG_ANALYZER_NUMBER_OBJECT_CONVERSION = YES_AGGRESSIVE;
				CLANG_CXX_LANGUAGE_STANDARD = "gnu++20";
				CLANG_ENABLE_MODULES = YES;
				CLANG_ENABLE_OBJC_ARC = YES;
				CLANG_ENABLE_OBJC_WEAK = YES;
				CLANG_WARN_BLOCK_CAPTURE_AUTORELEASING = YES;
				CLANG_WARN_BOOL_CONVERSION = YES;
				CLANG_WARN_COMMA = YES;
				CLANG_WARN_CONSTANT_CONVERSION = YES;
				CLANG_WARN_DEPRECATED_OBJC_IMPLEMENTATIONS = YES;
				CLANG_WARN_DIRECT_OBJC_ISA_USAGE = YES_ERROR;
				CLANG_WARN_DOCUMENTATION_COMMENTS = YES;
				CLANG_WARN_EMPTY_BODY = YES;
				CLANG_WARN_ENUM_CONVERSION = YES;
				CLANG_WARN_INFINITE_RECURSION = YES;
				CLANG_WARN_INT_CONVERSION = YES;
				CLANG_WARN_NON_LITERAL_NULL_CONVERSION = YES;
				CLANG_WARN_OBJC_IMPLICIT_RETAIN_SELF = YES;
				CLANG_WARN_OBJC_LITERAL_CONVERSION = YES;
				CLANG_WARN_OBJC_ROOT_CLASS = YES_ERROR;
				CLANG_WARN_QUOTED_INCLUDE_IN_FRAMEWORK_HEADER = YES;
				CLANG_WARN_RANGE_LOOP_ANALYSIS = YES;
				CLANG_WARN_STRICT_PROTOTYPES = YES;
				CLANG_WARN_SUSPICIOUS_MOVE = YES;
				CLANG_WARN_UNGUARDED_AVAILABILITY = YES_AGGRESSIVE;
				CLANG_WARN_UNREACHABLE_CODE = YES;
				CLANG_WARN__DUPLICATE_METHOD_MATCH = YES;
				COPY_PHASE_STRIP = NO;
				DEBUG_INFORMATION_FORMAT = dwarf;
				ENABLE_STRICT_OBJC_MSGSEND = YES;
				ENABLE_TESTABILITY = YES;
				GCC_C_LANGUAGE_STANDARD = gnu11;
				GCC_DYNAMIC_NO_PIC = NO;
				GCC_NO_COMMON_BLOCKS = YES;
				GCC_OPTIMIZATION_LEVEL = 0;
				GCC_PREPROCESSOR_DEFINITIONS = (
					"DEBUG=1",
					"$(inherited)",
				);
				GCC_WARN_64_TO_32_BIT_CONVERSION = YES;
				GCC_WARN_ABOUT_RETURN_TYPE = YES_ERROR;
				GCC_WARN_UNDECLARED_SELECTOR = YES;
				GCC_WARN_UNINITIALIZED_AUTOS = YES_AGGRESSIVE;
				GCC_WARN_UNUSED_FUNCTION = YES;
				GCC_WARN_UNUSED_VARIABLE = YES;
				IPHONEOS_DEPLOYMENT_TARGET = 15.0;
				MTL_ENABLE_DEBUG_INFO = INCLUDE_SOURCE;
				MTL_FAST_MATH = YES;
				ONLY_ACTIVE_ARCH = YES;
				SDKROOT = iphoneos;
				SWIFT_ACTIVE_COMPILATION_CONDITIONS = DEBUG;
				SWIFT_OPTIMIZATION_LEVEL = "-Onone";
			};
			name = Debug;
		};
		6870E652290FBD7A0090F9B7 /* Release */ = {
			isa = XCBuildConfiguration;
			buildSettings = {
				ALWAYS_SEARCH_USER_PATHS = NO;
				CLANG_ANALYZER_NONNULL = YES;
				CLANG_ANALYZER_NUMBER_OBJECT_CONVERSION = YES_AGGRESSIVE;
				CLANG_CXX_LANGUAGE_STANDARD = "gnu++20";
				CLANG_ENABLE_MODULES = YES;
				CLANG_ENABLE_OBJC_ARC = YES;
				CLANG_ENABLE_OBJC_WEAK = YES;
				CLANG_WARN_BLOCK_CAPTURE_AUTORELEASING = YES;
				CLANG_WARN_BOOL_CONVERSION = YES;
				CLANG_WARN_COMMA = YES;
				CLANG_WARN_CONSTANT_CONVERSION = YES;
				CLANG_WARN_DEPRECATED_OBJC_IMPLEMENTATIONS = YES;
				CLANG_WARN_DIRECT_OBJC_ISA_USAGE = YES_ERROR;
				CLANG_WARN_DOCUMENTATION_COMMENTS = YES;
				CLANG_WARN_EMPTY_BODY = YES;
				CLANG_WARN_ENUM_CONVERSION = YES;
				CLANG_WARN_INFINITE_RECURSION = YES;
				CLANG_WARN_INT_CONVERSION = YES;
				CLANG_WARN_NON_LITERAL_NULL_CONVERSION = YES;
				CLANG_WARN_OBJC_IMPLICIT_RETAIN_SELF = YES;
				CLANG_WARN_OBJC_LITERAL_CONVERSION = YES;
				CLANG_WARN_OBJC_ROOT_CLASS = YES_ERROR;
				CLANG_WARN_QUOTED_INCLUDE_IN_FRAMEWORK_HEADER = YES;
				CLANG_WARN_RANGE_LOOP_ANALYSIS = YES;
				CLANG_WARN_STRICT_PROTOTYPES = YES;
				CLANG_WARN_SUSPICIOUS_MOVE = YES;
				CLANG_WARN_UNGUARDED_AVAILABILITY = YES_AGGRESSIVE;
				CLANG_WARN_UNREACHABLE_CODE = YES;
				CLANG_WARN__DUPLICATE_METHOD_MATCH = YES;
				COPY_PHASE_STRIP = NO;
				DEBUG_INFORMATION_FORMAT = "dwarf-with-dsym";
				ENABLE_NS_ASSERTIONS = NO;
				ENABLE_STRICT_OBJC_MSGSEND = YES;
				GCC_C_LANGUAGE_STANDARD = gnu11;
				GCC_NO_COMMON_BLOCKS = YES;
				GCC_WARN_64_TO_32_BIT_CONVERSION = YES;
				GCC_WARN_ABOUT_RETURN_TYPE = YES_ERROR;
				GCC_WARN_UNDECLARED_SELECTOR = YES;
				GCC_WARN_UNINITIALIZED_AUTOS = YES_AGGRESSIVE;
				GCC_WARN_UNUSED_FUNCTION = YES;
				GCC_WARN_UNUSED_VARIABLE = YES;
				IPHONEOS_DEPLOYMENT_TARGET = 15.0;
				MTL_ENABLE_DEBUG_INFO = NO;
				MTL_FAST_MATH = YES;
				SDKROOT = iphoneos;
				SWIFT_COMPILATION_MODE = wholemodule;
				SWIFT_OPTIMIZATION_LEVEL = "-O";
				VALIDATE_PRODUCT = YES;
			};
			name = Release;
		};
		6870E654290FBD7A0090F9B7 /* Debug */ = {
			isa = XCBuildConfiguration;
			buildSettings = {
				ASSETCATALOG_COMPILER_APPICON_NAME = AppIcon;
				ASSETCATALOG_COMPILER_GLOBAL_ACCENT_COLOR_NAME = AccentColor;
				CODE_SIGN_STYLE = Automatic;
				CURRENT_PROJECT_VERSION = 1;
				DEVELOPMENT_TEAM = X2WF6FR3RY;
				GENERATE_INFOPLIST_FILE = YES;
				INFOPLIST_FILE = IBookSearch/Info.plist;
				INFOPLIST_KEY_UIApplicationSupportsIndirectInputEvents = YES;
				INFOPLIST_KEY_UILaunchStoryboardName = LaunchScreen;
				INFOPLIST_KEY_UISupportedInterfaceOrientations = UIInterfaceOrientationPortrait;
				IPHONEOS_DEPLOYMENT_TARGET = 15.0;
				LD_RUNPATH_SEARCH_PATHS = (
					"$(inherited)",
					"@executable_path/Frameworks",
				);
				MARKETING_VERSION = 1.0;
				PRODUCT_BUNDLE_IDENTIFIER = ann.beckwon.IBookSearch;
				PRODUCT_NAME = "$(TARGET_NAME)";
				SWIFT_EMIT_LOC_STRINGS = YES;
				SWIFT_VERSION = 5.0;
				TARGETED_DEVICE_FAMILY = "1,2";
			};
			name = Debug;
		};
		6870E655290FBD7A0090F9B7 /* Release */ = {
			isa = XCBuildConfiguration;
			buildSettings = {
				ASSETCATALOG_COMPILER_APPICON_NAME = AppIcon;
				ASSETCATALOG_COMPILER_GLOBAL_ACCENT_COLOR_NAME = AccentColor;
				CODE_SIGN_STYLE = Automatic;
				CURRENT_PROJECT_VERSION = 1;
				DEVELOPMENT_TEAM = X2WF6FR3RY;
				GENERATE_INFOPLIST_FILE = YES;
				INFOPLIST_FILE = IBookSearch/Info.plist;
				INFOPLIST_KEY_UIApplicationSupportsIndirectInputEvents = YES;
				INFOPLIST_KEY_UILaunchStoryboardName = LaunchScreen;
				INFOPLIST_KEY_UISupportedInterfaceOrientations = UIInterfaceOrientationPortrait;
				IPHONEOS_DEPLOYMENT_TARGET = 15.0;
				LD_RUNPATH_SEARCH_PATHS = (
					"$(inherited)",
					"@executable_path/Frameworks",
				);
				MARKETING_VERSION = 1.0;
				PRODUCT_BUNDLE_IDENTIFIER = ann.beckwon.IBookSearch;
				PRODUCT_NAME = "$(TARGET_NAME)";
				SWIFT_EMIT_LOC_STRINGS = YES;
				SWIFT_VERSION = 5.0;
				TARGETED_DEVICE_FAMILY = "1,2";
			};
			name = Release;
		};
		6870E657290FBD7A0090F9B7 /* Debug */ = {
			isa = XCBuildConfiguration;
			buildSettings = {
				ALWAYS_EMBED_SWIFT_STANDARD_LIBRARIES = YES;
				BUNDLE_LOADER = "$(TEST_HOST)";
				CODE_SIGN_STYLE = Automatic;
				CURRENT_PROJECT_VERSION = 1;
				DEVELOPMENT_TEAM = X2WF6FR3RY;
				GENERATE_INFOPLIST_FILE = YES;
				IPHONEOS_DEPLOYMENT_TARGET = 15.0;
				MARKETING_VERSION = 1.0;
				PRODUCT_BUNDLE_IDENTIFIER = ann.beckwon.IBookSearchTests;
				PRODUCT_NAME = "$(TARGET_NAME)";
				SWIFT_EMIT_LOC_STRINGS = NO;
				SWIFT_VERSION = 5.0;
				TARGETED_DEVICE_FAMILY = "1,2";
				TEST_HOST = "$(BUILT_PRODUCTS_DIR)/IBookSearch.app/$(BUNDLE_EXECUTABLE_FOLDER_PATH)/IBookSearch";
			};
			name = Debug;
		};
		6870E658290FBD7A0090F9B7 /* Release */ = {
			isa = XCBuildConfiguration;
			buildSettings = {
				ALWAYS_EMBED_SWIFT_STANDARD_LIBRARIES = YES;
				BUNDLE_LOADER = "$(TEST_HOST)";
				CODE_SIGN_STYLE = Automatic;
				CURRENT_PROJECT_VERSION = 1;
				DEVELOPMENT_TEAM = X2WF6FR3RY;
				GENERATE_INFOPLIST_FILE = YES;
				IPHONEOS_DEPLOYMENT_TARGET = 15.0;
				MARKETING_VERSION = 1.0;
				PRODUCT_BUNDLE_IDENTIFIER = ann.beckwon.IBookSearchTests;
				PRODUCT_NAME = "$(TARGET_NAME)";
				SWIFT_EMIT_LOC_STRINGS = NO;
				SWIFT_VERSION = 5.0;
				TARGETED_DEVICE_FAMILY = "1,2";
				TEST_HOST = "$(BUILT_PRODUCTS_DIR)/IBookSearch.app/$(BUNDLE_EXECUTABLE_FOLDER_PATH)/IBookSearch";
			};
			name = Release;
		};
		6870E65A290FBD7A0090F9B7 /* Debug */ = {
			isa = XCBuildConfiguration;
			buildSettings = {
				ALWAYS_EMBED_SWIFT_STANDARD_LIBRARIES = YES;
				CODE_SIGN_STYLE = Automatic;
				CURRENT_PROJECT_VERSION = 1;
				DEVELOPMENT_TEAM = X2WF6FR3RY;
				GENERATE_INFOPLIST_FILE = YES;
				MARKETING_VERSION = 1.0;
				PRODUCT_BUNDLE_IDENTIFIER = ann.beckwon.IBookSearchUITests;
				PRODUCT_NAME = "$(TARGET_NAME)";
				SWIFT_EMIT_LOC_STRINGS = NO;
				SWIFT_VERSION = 5.0;
				TARGETED_DEVICE_FAMILY = "1,2";
				TEST_TARGET_NAME = IBookSearch;
			};
			name = Debug;
		};
		6870E65B290FBD7A0090F9B7 /* Release */ = {
			isa = XCBuildConfiguration;
			buildSettings = {
				ALWAYS_EMBED_SWIFT_STANDARD_LIBRARIES = YES;
				CODE_SIGN_STYLE = Automatic;
				CURRENT_PROJECT_VERSION = 1;
				DEVELOPMENT_TEAM = X2WF6FR3RY;
				GENERATE_INFOPLIST_FILE = YES;
				MARKETING_VERSION = 1.0;
				PRODUCT_BUNDLE_IDENTIFIER = ann.beckwon.IBookSearchUITests;
				PRODUCT_NAME = "$(TARGET_NAME)";
				SWIFT_EMIT_LOC_STRINGS = NO;
				SWIFT_VERSION = 5.0;
				TARGETED_DEVICE_FAMILY = "1,2";
				TEST_TARGET_NAME = IBookSearch;
			};
			name = Release;
		};
/* End XCBuildConfiguration section */

/* Begin XCConfigurationList section */
		6870E624290FBD7A0090F9B7 /* Build configuration list for PBXProject "IBookSearch" */ = {
			isa = XCConfigurationList;
			buildConfigurations = (
				6870E651290FBD7A0090F9B7 /* Debug */,
				6870E652290FBD7A0090F9B7 /* Release */,
			);
			defaultConfigurationIsVisible = 0;
			defaultConfigurationName = Release;
		};
		6870E653290FBD7A0090F9B7 /* Build configuration list for PBXNativeTarget "IBookSearch" */ = {
			isa = XCConfigurationList;
			buildConfigurations = (
				6870E654290FBD7A0090F9B7 /* Debug */,
				6870E655290FBD7A0090F9B7 /* Release */,
			);
			defaultConfigurationIsVisible = 0;
			defaultConfigurationName = Release;
		};
		6870E656290FBD7A0090F9B7 /* Build configuration list for PBXNativeTarget "IBookSearchTests" */ = {
			isa = XCConfigurationList;
			buildConfigurations = (
				6870E657290FBD7A0090F9B7 /* Debug */,
				6870E658290FBD7A0090F9B7 /* Release */,
			);
			defaultConfigurationIsVisible = 0;
			defaultConfigurationName = Release;
		};
		6870E659290FBD7A0090F9B7 /* Build configuration list for PBXNativeTarget "IBookSearchUITests" */ = {
			isa = XCConfigurationList;
			buildConfigurations = (
				6870E65A290FBD7A0090F9B7 /* Debug */,
				6870E65B290FBD7A0090F9B7 /* Release */,
			);
			defaultConfigurationIsVisible = 0;
			defaultConfigurationName = Release;
		};
/* End XCConfigurationList section */
	};
	rootObject = 6870E621290FBD7A0090F9B7 /* Project object */;
}
